{
  "version": 4,
  "terraform_version": "1.6.0",
  "serial": 639,
  "lineage": "c4049d8e-4e22-e564-07a6-81a78631d21d",
  "outputs": {
    "apps_dev_path": {
      "value": {
        "0": "app_1/data/dev",
        "1": "app_2/data/dev",
        "2": "app_3/data/dev",
        "3": "app_4/data/dev",
        "4": "app_5/data/dev",
        "5": "app_6/data/dev"
      },
      "type": [
        "object",
        {
          "0": "string",
          "1": "string",
          "2": "string",
          "3": "string",
          "4": "string",
          "5": "string"
        }
      ]
    },
    "apps_hml_path": {
      "value": {
        "0": "app_1/data/hml",
        "1": "app_2/data/hml",
        "2": "app_3/data/hml",
        "3": "app_4/data/hml",
        "4": "app_5/data/hml",
        "5": "app_6/data/hml"
      },
      "type": [
        "object",
        {
          "0": "string",
          "1": "string",
          "2": "string",
          "3": "string",
          "4": "string",
          "5": "string"
        }
      ]
    },
    "apps_sus_path": {
      "value": {
        "0": "app_1/data/sus",
        "1": "app_2/data/sus",
        "2": "app_3/data/sus",
        "3": "app_4/data/sus",
        "4": "app_5/data/sus",
        "5": "app_6/data/sus"
      },
      "type": [
        "object",
        {
          "0": "string",
          "1": "string",
          "2": "string",
          "3": "string",
          "4": "string",
          "5": "string"
        }
      ]
    },
    "apps_tst_path": {
      "value": {
        "0": "app_1/data/tst",
        "1": "app_2/data/tst",
        "2": "app_3/data/tst",
        "3": "app_4/data/tst",
        "4": "app_5/data/tst",
        "5": "app_6/data/tst"
      },
      "type": [
        "object",
        {
          "0": "string",
          "1": "string",
          "2": "string",
          "3": "string",
          "4": "string",
          "5": "string"
        }
      ]
    },
    "kv_apps_id": {
      "value": {
        "0": "app_1",
        "1": "app_2",
        "2": "app_3",
        "3": "app_4",
        "4": "app_5",
        "5": "app_6"
      },
      "type": [
        "object",
        {
          "0": "string",
          "1": "string",
          "2": "string",
          "3": "string",
          "4": "string",
          "5": "string"
        }
      ]
    }
  },
  "resources": [
    {
      "mode": "data",
      "type": "template_file",
      "name": "template_dev_policy",
      "provider": "provider[\"registry.terraform.io/hashicorp/template\"]",
      "instances": [
        {
          "schema_version": 0,
          "attributes": {
            "filename": null,
            "id": "f506cd58816f24b58be32b3c1d3625e628d1a9ef4c9af6534bccb4fce2e4e8e5",
            "rendered": "path \"app_1/dev/*\"\n{\n  capabilities = [\"create\", \"read\", \"update\", \"delete\", \"list\"]\n}\npath \"app_2/dev/*\"\n{\n  capabilities = [\"create\", \"read\", \"update\", \"delete\", \"list\"]\n}\npath \"app_3/dev/*\"\n{\n  capabilities = [\"create\", \"read\", \"update\", \"delete\", \"list\"]\n}\npath \"app_4/dev/*\"\n{\n  capabilities = [\"create\", \"read\", \"update\", \"delete\", \"list\"]\n}\npath \"app_5/dev/*\"\n{\n  capabilities = [\"create\", \"read\", \"update\", \"delete\", \"list\"]\n}\npath \"app_6/dev/*\"\n{\n  capabilities = [\"create\", \"read\", \"update\", \"delete\", \"list\"]\n}\n",
            "template": "path \"app_1/dev/*\"\n{\n  capabilities = [\"create\", \"read\", \"update\", \"delete\", \"list\"]\n}\npath \"app_2/dev/*\"\n{\n  capabilities = [\"create\", \"read\", \"update\", \"delete\", \"list\"]\n}\npath \"app_3/dev/*\"\n{\n  capabilities = [\"create\", \"read\", \"update\", \"delete\", \"list\"]\n}\npath \"app_4/dev/*\"\n{\n  capabilities = [\"create\", \"read\", \"update\", \"delete\", \"list\"]\n}\npath \"app_5/dev/*\"\n{\n  capabilities = [\"create\", \"read\", \"update\", \"delete\", \"list\"]\n}\npath \"app_6/dev/*\"\n{\n  capabilities = [\"create\", \"read\", \"update\", \"delete\", \"list\"]\n}\n",
            "vars": null
          },
          "sensitive_attributes": []
        }
      ]
    },
    {
      "mode": "data",
      "type": "template_file",
      "name": "template_sus_policy",
      "provider": "provider[\"registry.terraform.io/hashicorp/template\"]",
      "instances": [
        {
          "schema_version": 0,
          "attributes": {
            "filename": null,
            "id": "ff1450cf2a7ab199c10c1f0bb0272cc28d323f17a53a40646e5bd5a035961ee3",
            "rendered": "path \"app_1/sus/*\"\n{\n  capabilities = [\"create\", \"read\", \"update\", \"delete\", \"list\"]\n}\npath \"app_2/sus/*\"\n{\n  capabilities = [\"create\", \"read\", \"update\", \"delete\", \"list\"]\n}\npath \"app_3/sus/*\"\n{\n  capabilities = [\"create\", \"read\", \"update\", \"delete\", \"list\"]\n}\npath \"app_4/sus/*\"\n{\n  capabilities = [\"create\", \"read\", \"update\", \"delete\", \"list\"]\n}\npath \"app_5/sus/*\"\n{\n  capabilities = [\"create\", \"read\", \"update\", \"delete\", \"list\"]\n}\npath \"app_6/sus/*\"\n{\n  capabilities = [\"create\", \"read\", \"update\", \"delete\", \"list\"]\n}\n",
            "template": "path \"app_1/sus/*\"\n{\n  capabilities = [\"create\", \"read\", \"update\", \"delete\", \"list\"]\n}\npath \"app_2/sus/*\"\n{\n  capabilities = [\"create\", \"read\", \"update\", \"delete\", \"list\"]\n}\npath \"app_3/sus/*\"\n{\n  capabilities = [\"create\", \"read\", \"update\", \"delete\", \"list\"]\n}\npath \"app_4/sus/*\"\n{\n  capabilities = [\"create\", \"read\", \"update\", \"delete\", \"list\"]\n}\npath \"app_5/sus/*\"\n{\n  capabilities = [\"create\", \"read\", \"update\", \"delete\", \"list\"]\n}\npath \"app_6/sus/*\"\n{\n  capabilities = [\"create\", \"read\", \"update\", \"delete\", \"list\"]\n}\n",
            "vars": null
          },
          "sensitive_attributes": []
        }
      ]
    },
    {
      "mode": "managed",
      "type": "vault_kv_secret_v2",
      "name": "apps_ci",
      "provider": "provider[\"registry.terraform.io/hashicorp/vault\"]",
      "instances": [
        {
          "index_key": 0,
          "schema_version": 0,
          "attributes": {
            "cas": 0,
            "custom_metadata": [
              {
                "cas_required": false,
                "data": {},
                "delete_version_after": 0,
                "max_versions": 0
              }
            ],
            "data": {},
            "data_json": "{}",
            "delete_all_versions": true,
            "disable_read": false,
            "id": "app_1/data/ci",
            "metadata": {
              "created_time": "2023-09-28T19:06:26.130089458Z",
              "custom_metadata": "null",
              "deletion_time": "",
              "destroyed": "false",
              "version": "1"
            },
            "mount": "app_1",
            "name": "ci",
            "namespace": null,
            "options": null,
            "path": "app_1/data/ci"
          },
          "sensitive_attributes": [],
          "private": "bnVsbA==",
          "dependencies": [
            "vault_mount.kv-apps"
          ]
        },
        {
          "index_key": 1,
          "schema_version": 0,
          "attributes": {
            "cas": 0,
            "custom_metadata": [
              {
                "cas_required": false,
                "data": {},
                "delete_version_after": 0,
                "max_versions": 0
              }
            ],
            "data": {},
            "data_json": "{}",
            "delete_all_versions": true,
            "disable_read": false,
            "id": "app_2/data/ci",
            "metadata": {
              "created_time": "2023-09-28T19:06:26.031801214Z",
              "custom_metadata": "null",
              "deletion_time": "",
              "destroyed": "false",
              "version": "1"
            },
            "mount": "app_2",
            "name": "ci",
            "namespace": null,
            "options": null,
            "path": "app_2/data/ci"
          },
          "sensitive_attributes": [],
          "private": "bnVsbA==",
          "dependencies": [
            "vault_mount.kv-apps"
          ]
        },
        {
          "index_key": 2,
          "schema_version": 0,
          "attributes": {
            "cas": 0,
            "custom_metadata": [
              {
                "cas_required": false,
                "data": {},
                "delete_version_after": 0,
                "max_versions": 0
              }
            ],
            "data": {},
            "data_json": "{}",
            "delete_all_versions": true,
            "disable_read": false,
            "id": "app_3/data/ci",
            "metadata": {
              "created_time": "2023-09-28T19:06:26.144756128Z",
              "custom_metadata": "null",
              "deletion_time": "",
              "destroyed": "false",
              "version": "1"
            },
            "mount": "app_3",
            "name": "ci",
            "namespace": null,
            "options": null,
            "path": "app_3/data/ci"
          },
          "sensitive_attributes": [],
          "private": "bnVsbA==",
          "dependencies": [
            "vault_mount.kv-apps"
          ]
        },
        {
          "index_key": 3,
          "schema_version": 0,
          "attributes": {
            "cas": 0,
            "custom_metadata": [
              {
                "cas_required": false,
                "data": {},
                "delete_version_after": 0,
                "max_versions": 0
              }
            ],
            "data": {},
            "data_json": "{}",
            "delete_all_versions": true,
            "disable_read": false,
            "id": "app_4/data/ci",
            "metadata": {
              "created_time": "2023-09-28T19:06:26.157147113Z",
              "custom_metadata": "null",
              "deletion_time": "",
              "destroyed": "false",
              "version": "1"
            },
            "mount": "app_4",
            "name": "ci",
            "namespace": null,
            "options": null,
            "path": "app_4/data/ci"
          },
          "sensitive_attributes": [],
          "private": "bnVsbA==",
          "dependencies": [
            "vault_mount.kv-apps"
          ]
        },
        {
          "index_key": 4,
          "schema_version": 0,
          "attributes": {
            "cas": 0,
            "custom_metadata": [
              {
                "cas_required": false,
                "data": {},
                "delete_version_after": 0,
                "max_versions": 0
              }
            ],
            "data": {},
            "data_json": "{}",
            "delete_all_versions": true,
            "disable_read": false,
            "id": "app_5/data/ci",
            "metadata": {
              "created_time": "2023-09-28T19:06:26.18196305Z",
              "custom_metadata": "null",
              "deletion_time": "",
              "destroyed": "false",
              "version": "1"
            },
            "mount": "app_5",
            "name": "ci",
            "namespace": null,
            "options": null,
            "path": "app_5/data/ci"
          },
          "sensitive_attributes": [],
          "private": "bnVsbA==",
          "dependencies": [
            "vault_mount.kv-apps"
          ]
        },
        {
          "index_key": 5,
          "schema_version": 0,
          "attributes": {
            "cas": 0,
            "custom_metadata": [
              {
                "cas_required": false,
                "data": {},
                "delete_version_after": 0,
                "max_versions": 0
              }
            ],
            "data": {},
            "data_json": "{}",
            "delete_all_versions": true,
            "disable_read": false,
            "id": "app_6/data/ci",
            "metadata": {
              "created_time": "2023-09-28T19:06:26.201585951Z",
              "custom_metadata": "null",
              "deletion_time": "",
              "destroyed": "false",
              "version": "1"
            },
            "mount": "app_6",
            "name": "ci",
            "namespace": null,
            "options": null,
            "path": "app_6/data/ci"
          },
          "sensitive_attributes": [],
          "private": "bnVsbA==",
          "dependencies": [
            "vault_mount.kv-apps"
          ]
        }
      ]
    },
    {
      "mode": "managed",
      "type": "vault_kv_secret_v2",
      "name": "apps_dev",
      "provider": "provider[\"registry.terraform.io/hashicorp/vault\"]",
      "instances": [
        {
          "index_key": 0,
          "schema_version": 0,
          "attributes": {
            "cas": 0,
            "custom_metadata": [
              {
                "cas_required": false,
                "data": {},
                "delete_version_after": 0,
                "max_versions": 0
              }
            ],
            "data": {},
            "data_json": "{}",
            "delete_all_versions": true,
            "disable_read": false,
            "id": "app_1/data/dev",
            "metadata": {
              "created_time": "2023-09-28T19:06:26.423564341Z",
              "custom_metadata": "null",
              "deletion_time": "",
              "destroyed": "false",
              "version": "1"
            },
            "mount": "app_1",
            "name": "dev",
            "namespace": null,
            "options": null,
            "path": "app_1/data/dev"
          },
          "sensitive_attributes": [],
          "private": "bnVsbA==",
          "dependencies": [
            "vault_mount.kv-apps"
          ]
        },
        {
          "index_key": 1,
          "schema_version": 0,
          "attributes": {
            "cas": 0,
            "custom_metadata": [
              {
                "cas_required": false,
                "data": {},
                "delete_version_after": 0,
                "max_versions": 0
              }
            ],
            "data": {},
            "data_json": "{}",
            "delete_all_versions": true,
            "disable_read": false,
            "id": "app_2/data/dev",
            "metadata": {
              "created_time": "2023-09-28T19:06:26.411457612Z",
              "custom_metadata": "null",
              "deletion_time": "",
              "destroyed": "false",
              "version": "1"
            },
            "mount": "app_2",
            "name": "dev",
            "namespace": null,
            "options": null,
            "path": "app_2/data/dev"
          },
          "sensitive_attributes": [],
          "private": "bnVsbA==",
          "dependencies": [
            "vault_mount.kv-apps"
          ]
        },
        {
          "index_key": 2,
          "schema_version": 0,
          "attributes": {
            "cas": 0,
            "custom_metadata": [
              {
                "cas_required": false,
                "data": {},
                "delete_version_after": 0,
                "max_versions": 0
              }
            ],
            "data": {},
            "data_json": "{}",
            "delete_all_versions": true,
            "disable_read": false,
            "id": "app_3/data/dev",
            "metadata": {
              "created_time": "2023-09-28T19:06:26.375299344Z",
              "custom_metadata": "null",
              "deletion_time": "",
              "destroyed": "false",
              "version": "1"
            },
            "mount": "app_3",
            "name": "dev",
            "namespace": null,
            "options": null,
            "path": "app_3/data/dev"
          },
          "sensitive_attributes": [],
          "private": "bnVsbA==",
          "dependencies": [
            "vault_mount.kv-apps"
          ]
        },
        {
          "index_key": 3,
          "schema_version": 0,
          "attributes": {
            "cas": 0,
            "custom_metadata": [
              {
                "cas_required": false,
                "data": {},
                "delete_version_after": 0,
                "max_versions": 0
              }
            ],
            "data": {},
            "data_json": "{}",
            "delete_all_versions": true,
            "disable_read": false,
            "id": "app_4/data/dev",
            "metadata": {
              "created_time": "2023-09-28T19:06:26.008048227Z",
              "custom_metadata": "null",
              "deletion_time": "",
              "destroyed": "false",
              "version": "1"
            },
            "mount": "app_4",
            "name": "dev",
            "namespace": null,
            "options": null,
            "path": "app_4/data/dev"
          },
          "sensitive_attributes": [],
          "private": "bnVsbA==",
          "dependencies": [
            "vault_mount.kv-apps"
          ]
        },
        {
          "index_key": 4,
          "schema_version": 0,
          "attributes": {
            "cas": 0,
            "custom_metadata": [
              {
                "cas_required": false,
                "data": {},
                "delete_version_after": 0,
                "max_versions": 0
              }
            ],
            "data": {},
            "data_json": "{}",
            "delete_all_versions": true,
            "disable_read": false,
            "id": "app_5/data/dev",
            "metadata": {
              "created_time": "2023-09-28T19:06:26.383090052Z",
              "custom_metadata": "null",
              "deletion_time": "",
              "destroyed": "false",
              "version": "1"
            },
            "mount": "app_5",
            "name": "dev",
            "namespace": null,
            "options": null,
            "path": "app_5/data/dev"
          },
          "sensitive_attributes": [],
          "private": "bnVsbA==",
          "dependencies": [
            "vault_mount.kv-apps"
          ]
        },
        {
          "index_key": 5,
          "schema_version": 0,
          "attributes": {
            "cas": 0,
            "custom_metadata": [
              {
                "cas_required": false,
                "data": {},
                "delete_version_after": 0,
                "max_versions": 0
              }
            ],
            "data": {},
            "data_json": "{}",
            "delete_all_versions": true,
            "disable_read": false,
            "id": "app_6/data/dev",
            "metadata": {
              "created_time": "2023-09-28T19:06:26.386584674Z",
              "custom_metadata": "null",
              "deletion_time": "",
              "destroyed": "false",
              "version": "1"
            },
            "mount": "app_6",
            "name": "dev",
            "namespace": null,
            "options": null,
            "path": "app_6/data/dev"
          },
          "sensitive_attributes": [],
          "private": "bnVsbA==",
          "dependencies": [
            "vault_mount.kv-apps"
          ]
        }
      ]
    },
    {
      "mode": "managed",
      "type": "vault_kv_secret_v2",
      "name": "apps_hml",
      "provider": "provider[\"registry.terraform.io/hashicorp/vault\"]",
      "instances": [
        {
          "index_key": 0,
          "schema_version": 0,
          "attributes": {
            "cas": 0,
            "custom_metadata": [
              {
                "cas_required": false,
                "data": {},
                "delete_version_after": 0,
                "max_versions": 0
              }
            ],
            "data": {},
            "data_json": "{}",
            "delete_all_versions": true,
            "disable_read": false,
            "id": "app_1/data/hml",
            "metadata": {
              "created_time": "2023-09-28T19:06:26.293610632Z",
              "custom_metadata": "null",
              "deletion_time": "",
              "destroyed": "false",
              "version": "1"
            },
            "mount": "app_1",
            "name": "hml",
            "namespace": null,
            "options": null,
            "path": "app_1/data/hml"
          },
          "sensitive_attributes": [],
          "private": "bnVsbA==",
          "dependencies": [
            "vault_mount.kv-apps"
          ]
        },
        {
          "index_key": 1,
          "schema_version": 0,
          "attributes": {
            "cas": 0,
            "custom_metadata": [
              {
                "cas_required": false,
                "data": {},
                "delete_version_after": 0,
                "max_versions": 0
              }
            ],
            "data": {},
            "data_json": "{}",
            "delete_all_versions": true,
            "disable_read": false,
            "id": "app_2/data/hml",
            "metadata": {
              "created_time": "2023-09-28T19:06:26.141455054Z",
              "custom_metadata": "null",
              "deletion_time": "",
              "destroyed": "false",
              "version": "1"
            },
            "mount": "app_2",
            "name": "hml",
            "namespace": null,
            "options": null,
            "path": "app_2/data/hml"
          },
          "sensitive_attributes": [],
          "private": "bnVsbA==",
          "dependencies": [
            "vault_mount.kv-apps"
          ]
        },
        {
          "index_key": 2,
          "schema_version": 0,
          "attributes": {
            "cas": 0,
            "custom_metadata": [
              {
                "cas_required": false,
                "data": {},
                "delete_version_after": 0,
                "max_versions": 0
              }
            ],
            "data": {},
            "data_json": "{}",
            "delete_all_versions": true,
            "disable_read": false,
            "id": "app_3/data/hml",
            "metadata": {
              "created_time": "2023-09-28T19:06:26.031004691Z",
              "custom_metadata": "null",
              "deletion_time": "",
              "destroyed": "false",
              "version": "1"
            },
            "mount": "app_3",
            "name": "hml",
            "namespace": null,
            "options": null,
            "path": "app_3/data/hml"
          },
          "sensitive_attributes": [],
          "private": "bnVsbA==",
          "dependencies": [
            "vault_mount.kv-apps"
          ]
        },
        {
          "index_key": 3,
          "schema_version": 0,
          "attributes": {
            "cas": 0,
            "custom_metadata": [
              {
                "cas_required": false,
                "data": {},
                "delete_version_after": 0,
                "max_versions": 0
              }
            ],
            "data": {},
            "data_json": "{}",
            "delete_all_versions": true,
            "disable_read": false,
            "id": "app_4/data/hml",
            "metadata": {
              "created_time": "2023-09-28T19:06:26.006757527Z",
              "custom_metadata": "null",
              "deletion_time": "",
              "destroyed": "false",
              "version": "1"
            },
            "mount": "app_4",
            "name": "hml",
            "namespace": null,
            "options": null,
            "path": "app_4/data/hml"
          },
          "sensitive_attributes": [],
          "private": "bnVsbA==",
          "dependencies": [
            "vault_mount.kv-apps"
          ]
        },
        {
          "index_key": 4,
          "schema_version": 0,
          "attributes": {
            "cas": 0,
            "custom_metadata": [
              {
                "cas_required": false,
                "data": {},
                "delete_version_after": 0,
                "max_versions": 0
              }
            ],
            "data": {},
            "data_json": "{}",
            "delete_all_versions": true,
            "disable_read": false,
            "id": "app_5/data/hml",
            "metadata": {
              "created_time": "2023-09-28T19:06:26.030182461Z",
              "custom_metadata": "null",
              "deletion_time": "",
              "destroyed": "false",
              "version": "1"
            },
            "mount": "app_5",
            "name": "hml",
            "namespace": null,
            "options": null,
            "path": "app_5/data/hml"
          },
          "sensitive_attributes": [],
          "private": "bnVsbA==",
          "dependencies": [
            "vault_mount.kv-apps"
          ]
        },
        {
          "index_key": 5,
          "schema_version": 0,
          "attributes": {
            "cas": 0,
            "custom_metadata": [
              {
                "cas_required": false,
                "data": {},
                "delete_version_after": 0,
                "max_versions": 0
              }
            ],
            "data": {},
            "data_json": "{}",
            "delete_all_versions": true,
            "disable_read": false,
            "id": "app_6/data/hml",
            "metadata": {
              "created_time": "2023-09-28T19:06:26.031478754Z",
              "custom_metadata": "null",
              "deletion_time": "",
              "destroyed": "false",
              "version": "1"
            },
            "mount": "app_6",
            "name": "hml",
            "namespace": null,
            "options": null,
            "path": "app_6/data/hml"
          },
          "sensitive_attributes": [],
          "private": "bnVsbA==",
          "dependencies": [
            "vault_mount.kv-apps"
          ]
        }
      ]
    },
    {
      "mode": "managed",
      "type": "vault_kv_secret_v2",
      "name": "apps_sus",
      "provider": "provider[\"registry.terraform.io/hashicorp/vault\"]",
      "instances": [
        {
          "index_key": 0,
          "schema_version": 0,
          "attributes": {
            "cas": 0,
            "custom_metadata": [
              {
                "cas_required": false,
                "data": {},
                "delete_version_after": 0,
                "max_versions": 0
              }
            ],
            "data": {},
            "data_json": "{}",
            "delete_all_versions": true,
            "disable_read": false,
            "id": "app_1/data/sus",
            "metadata": {
              "created_time": "2023-09-28T19:06:26.031874225Z",
              "custom_metadata": "null",
              "deletion_time": "",
              "destroyed": "false",
              "version": "1"
            },
            "mount": "app_1",
            "name": "sus",
            "namespace": null,
            "options": null,
            "path": "app_1/data/sus"
          },
          "sensitive_attributes": [],
          "private": "bnVsbA==",
          "dependencies": [
            "vault_mount.kv-apps"
          ]
        },
        {
          "index_key": 1,
          "schema_version": 0,
          "attributes": {
            "cas": 0,
            "custom_metadata": [
              {
                "cas_required": false,
                "data": {},
                "delete_version_after": 0,
                "max_versions": 0
              }
            ],
            "data": {},
            "data_json": "{}",
            "delete_all_versions": true,
            "disable_read": false,
            "id": "app_2/data/sus",
            "metadata": {
              "created_time": "2023-09-28T19:06:26.031635652Z",
              "custom_metadata": "null",
              "deletion_time": "",
              "destroyed": "false",
              "version": "1"
            },
            "mount": "app_2",
            "name": "sus",
            "namespace": null,
            "options": null,
            "path": "app_2/data/sus"
          },
          "sensitive_attributes": [],
          "private": "bnVsbA==",
          "dependencies": [
            "vault_mount.kv-apps"
          ]
        },
        {
          "index_key": 2,
          "schema_version": 0,
          "attributes": {
            "cas": 0,
            "custom_metadata": [
              {
                "cas_required": false,
                "data": {},
                "delete_version_after": 0,
                "max_versions": 0
              }
            ],
            "data": {},
            "data_json": "{}",
            "delete_all_versions": true,
            "disable_read": false,
            "id": "app_3/data/sus",
            "metadata": {
              "created_time": "2023-09-28T19:06:26.240505684Z",
              "custom_metadata": "null",
              "deletion_time": "",
              "destroyed": "false",
              "version": "1"
            },
            "mount": "app_3",
            "name": "sus",
            "namespace": null,
            "options": null,
            "path": "app_3/data/sus"
          },
          "sensitive_attributes": [],
          "private": "bnVsbA==",
          "dependencies": [
            "vault_mount.kv-apps"
          ]
        },
        {
          "index_key": 3,
          "schema_version": 0,
          "attributes": {
            "cas": 0,
            "custom_metadata": [
              {
                "cas_required": false,
                "data": {},
                "delete_version_after": 0,
                "max_versions": 0
              }
            ],
            "data": {},
            "data_json": "{}",
            "delete_all_versions": true,
            "disable_read": false,
            "id": "app_4/data/sus",
            "metadata": {
              "created_time": "2023-09-28T19:06:26.006328578Z",
              "custom_metadata": "null",
              "deletion_time": "",
              "destroyed": "false",
              "version": "1"
            },
            "mount": "app_4",
            "name": "sus",
            "namespace": null,
            "options": null,
            "path": "app_4/data/sus"
          },
          "sensitive_attributes": [],
          "private": "bnVsbA==",
          "dependencies": [
            "vault_mount.kv-apps"
          ]
        },
        {
          "index_key": 4,
          "schema_version": 0,
          "attributes": {
            "cas": 0,
            "custom_metadata": [
              {
                "cas_required": false,
                "data": {},
                "delete_version_after": 0,
                "max_versions": 0
              }
            ],
            "data": {},
            "data_json": "{}",
            "delete_all_versions": true,
            "disable_read": false,
            "id": "app_5/data/sus",
            "metadata": {
              "created_time": "2023-09-28T19:06:26.233405974Z",
              "custom_metadata": "null",
              "deletion_time": "",
              "destroyed": "false",
              "version": "1"
            },
            "mount": "app_5",
            "name": "sus",
            "namespace": null,
            "options": null,
            "path": "app_5/data/sus"
          },
          "sensitive_attributes": [],
          "private": "bnVsbA==",
          "dependencies": [
            "vault_mount.kv-apps"
          ]
        },
        {
          "index_key": 5,
          "schema_version": 0,
          "attributes": {
            "cas": 0,
            "custom_metadata": [
              {
                "cas_required": false,
                "data": {},
                "delete_version_after": 0,
                "max_versions": 0
              }
            ],
            "data": {},
            "data_json": "{}",
            "delete_all_versions": true,
            "disable_read": false,
            "id": "app_6/data/sus",
            "metadata": {
              "created_time": "2023-09-28T19:06:26.196250551Z",
              "custom_metadata": "null",
              "deletion_time": "",
              "destroyed": "false",
              "version": "1"
            },
            "mount": "app_6",
            "name": "sus",
            "namespace": null,
            "options": null,
            "path": "app_6/data/sus"
          },
          "sensitive_attributes": [],
          "private": "bnVsbA==",
          "dependencies": [
            "vault_mount.kv-apps"
          ]
        }
      ]
    },
    {
      "mode": "managed",
      "type": "vault_kv_secret_v2",
      "name": "apps_tst",
      "provider": "provider[\"registry.terraform.io/hashicorp/vault\"]",
      "instances": [
        {
          "index_key": 0,
          "schema_version": 0,
          "attributes": {
            "cas": 0,
            "custom_metadata": [
              {
                "cas_required": false,
                "data": {},
                "delete_version_after": 0,
                "max_versions": 0
              }
            ],
            "data": {
              "password": "Hello World",
              "teste": "teste",
              "teste_2": "1234",
              "url": "https://app_1-tst.com.br"
            },
            "data_json": "{}",
            "delete_all_versions": true,
            "disable_read": false,
            "id": "app_1/data/tst",
            "metadata": {
              "created_time": "2023-09-28T19:47:32.738516441Z",
              "custom_metadata": "null",
              "deletion_time": "",
              "destroyed": "false",
              "version": "12"
            },
            "mount": "app_1",
            "name": "tst",
            "namespace": null,
            "options": null,
            "path": "app_1/data/tst"
          },
          "sensitive_attributes": [],
          "private": "bnVsbA==",
          "dependencies": [
            "vault_mount.kv-apps"
          ]
        },
        {
          "index_key": 1,
          "schema_version": 0,
          "attributes": {
            "cas": 0,
            "custom_metadata": [
              {
                "cas_required": false,
                "data": {},
                "delete_version_after": 0,
                "max_versions": 0
              }
            ],
            "data": {},
            "data_json": "{}",
            "delete_all_versions": true,
            "disable_read": false,
            "id": "app_2/data/tst",
            "metadata": {
              "created_time": "2023-09-28T19:06:26.28449359Z",
              "custom_metadata": "null",
              "deletion_time": "",
              "destroyed": "false",
              "version": "1"
            },
            "mount": "app_2",
            "name": "tst",
            "namespace": null,
            "options": null,
            "path": "app_2/data/tst"
          },
          "sensitive_attributes": [],
          "private": "bnVsbA==",
          "dependencies": [
            "vault_mount.kv-apps"
          ]
        },
        {
          "index_key": 2,
          "schema_version": 0,
          "attributes": {
            "cas": 0,
            "custom_metadata": [
              {
                "cas_required": false,
                "data": {},
                "delete_version_after": 0,
                "max_versions": 0
              }
            ],
            "data": {},
            "data_json": "{}",
            "delete_all_versions": true,
            "disable_read": false,
            "id": "app_3/data/tst",
            "metadata": {
              "created_time": "2023-09-28T19:06:26.029520858Z",
              "custom_metadata": "null",
              "deletion_time": "",
              "destroyed": "false",
              "version": "1"
            },
            "mount": "app_3",
            "name": "tst",
            "namespace": null,
            "options": null,
            "path": "app_3/data/tst"
          },
          "sensitive_attributes": [],
          "private": "bnVsbA==",
          "dependencies": [
            "vault_mount.kv-apps"
          ]
        },
        {
          "index_key": 3,
          "schema_version": 0,
          "attributes": {
            "cas": 0,
            "custom_metadata": [
              {
                "cas_required": false,
                "data": {},
                "delete_version_after": 0,
                "max_versions": 0
              }
            ],
            "data": {},
            "data_json": "{}",
            "delete_all_versions": true,
            "disable_read": false,
            "id": "app_4/data/tst",
            "metadata": {
              "created_time": "2023-09-28T19:06:26.372666483Z",
              "custom_metadata": "null",
              "deletion_time": "",
              "destroyed": "false",
              "version": "1"
            },
            "mount": "app_4",
            "name": "tst",
            "namespace": null,
            "options": null,
            "path": "app_4/data/tst"
          },
          "sensitive_attributes": [],
          "private": "bnVsbA==",
          "dependencies": [
            "vault_mount.kv-apps"
          ]
        },
        {
          "index_key": 4,
          "schema_version": 0,
          "attributes": {
            "cas": 0,
            "custom_metadata": [
              {
                "cas_required": false,
                "data": {},
                "delete_version_after": 0,
                "max_versions": 0
              }
            ],
            "data": {},
            "data_json": "{}",
            "delete_all_versions": true,
            "disable_read": false,
            "id": "app_5/data/tst",
            "metadata": {
              "created_time": "2023-09-28T19:06:26.247296818Z",
              "custom_metadata": "null",
              "deletion_time": "",
              "destroyed": "false",
              "version": "1"
            },
            "mount": "app_5",
            "name": "tst",
            "namespace": null,
            "options": null,
            "path": "app_5/data/tst"
          },
          "sensitive_attributes": [],
          "private": "bnVsbA==",
          "dependencies": [
            "vault_mount.kv-apps"
          ]
        },
        {
          "index_key": 5,
          "schema_version": 0,
          "attributes": {
            "cas": 0,
            "custom_metadata": [
              {
                "cas_required": false,
                "data": {},
                "delete_version_after": 0,
                "max_versions": 0
              }
            ],
            "data": {},
            "data_json": "{}",
            "delete_all_versions": true,
            "disable_read": false,
            "id": "app_6/data/tst",
            "metadata": {
              "created_time": "2023-09-28T19:06:26.275831049Z",
              "custom_metadata": "null",
              "deletion_time": "",
              "destroyed": "false",
              "version": "1"
            },
            "mount": "app_6",
            "name": "tst",
            "namespace": null,
            "options": null,
            "path": "app_6/data/tst"
          },
          "sensitive_attributes": [],
          "private": "bnVsbA==",
          "dependencies": [
            "vault_mount.kv-apps"
          ]
        }
      ]
    },
    {
      "mode": "managed",
      "type": "vault_mount",
      "name": "kv-apps",
      "provider": "provider[\"registry.terraform.io/hashicorp/vault\"]",
      "instances": [
        {
          "index_key": 0,
          "schema_version": 0,
          "attributes": {
            "accessor": "kv_d879beee",
            "allowed_managed_keys": [],
            "audit_non_hmac_request_keys": [],
            "audit_non_hmac_response_keys": [],
            "default_lease_ttl_seconds": 0,
            "description": "KV Version 2 secret engine mount",
            "external_entropy_access": false,
            "id": "app_1",
            "local": false,
            "max_lease_ttl_seconds": 0,
            "namespace": null,
            "options": {},
            "path": "app_1",
            "seal_wrap": false,
            "type": "kv-v2"
          },
          "sensitive_attributes": [],
          "private": "bnVsbA=="
        },
        {
          "index_key": 1,
          "schema_version": 0,
          "attributes": {
            "accessor": "kv_247959fe",
            "allowed_managed_keys": [],
            "audit_non_hmac_request_keys": [],
            "audit_non_hmac_response_keys": [],
            "default_lease_ttl_seconds": 0,
            "description": "KV Version 2 secret engine mount",
            "external_entropy_access": false,
            "id": "app_2",
            "local": false,
            "max_lease_ttl_seconds": 0,
            "namespace": null,
            "options": {},
            "path": "app_2",
            "seal_wrap": false,
            "type": "kv-v2"
          },
          "sensitive_attributes": [],
          "private": "bnVsbA=="
        },
        {
          "index_key": 2,
          "schema_version": 0,
          "attributes": {
            "accessor": "kv_ad58af37",
            "allowed_managed_keys": [],
            "audit_non_hmac_request_keys": [],
            "audit_non_hmac_response_keys": [],
            "default_lease_ttl_seconds": 0,
            "description": "KV Version 2 secret engine mount",
            "external_entropy_access": false,
            "id": "app_3",
            "local": false,
            "max_lease_ttl_seconds": 0,
            "namespace": null,
            "options": {},
            "path": "app_3",
            "seal_wrap": false,
            "type": "kv-v2"
          },
          "sensitive_attributes": [],
          "private": "bnVsbA=="
        },
        {
          "index_key": 3,
          "schema_version": 0,
          "attributes": {
            "accessor": "kv_4ddf0161",
            "allowed_managed_keys": [],
            "audit_non_hmac_request_keys": [],
            "audit_non_hmac_response_keys": [],
            "default_lease_ttl_seconds": 0,
            "description": "KV Version 2 secret engine mount",
            "external_entropy_access": false,
            "id": "app_4",
            "local": false,
            "max_lease_ttl_seconds": 0,
            "namespace": null,
            "options": {},
            "path": "app_4",
            "seal_wrap": false,
            "type": "kv-v2"
          },
          "sensitive_attributes": [],
          "private": "bnVsbA=="
        },
        {
          "index_key": 4,
          "schema_version": 0,
          "attributes": {
            "accessor": "kv_029b8ae7",
            "allowed_managed_keys": [],
            "audit_non_hmac_request_keys": [],
            "audit_non_hmac_response_keys": [],
            "default_lease_ttl_seconds": 0,
            "description": "KV Version 2 secret engine mount",
            "external_entropy_access": false,
            "id": "app_5",
            "local": false,
            "max_lease_ttl_seconds": 0,
            "namespace": null,
            "options": {},
            "path": "app_5",
            "seal_wrap": false,
            "type": "kv-v2"
          },
          "sensitive_attributes": [],
          "private": "bnVsbA=="
        },
        {
          "index_key": 5,
          "schema_version": 0,
          "attributes": {
            "accessor": "kv_e6347d09",
            "allowed_managed_keys": [],
            "audit_non_hmac_request_keys": [],
            "audit_non_hmac_response_keys": [],
            "default_lease_ttl_seconds": 0,
            "description": "KV Version 2 secret engine mount",
            "external_entropy_access": false,
            "id": "app_6",
            "local": false,
            "max_lease_ttl_seconds": 0,
            "namespace": null,
            "options": {},
            "path": "app_6",
            "seal_wrap": false,
            "type": "kv-v2"
          },
          "sensitive_attributes": [],
          "private": "bnVsbA=="
        }
      ]
    },
    {
      "mode": "managed",
      "type": "vault_policy",
      "name": "dev_policy",
      "provider": "provider[\"registry.terraform.io/hashicorp/vault\"]",
      "instances": [
        {
          "schema_version": 0,
          "attributes": {
            "id": "developers",
            "name": "developers",
            "namespace": null,
            "policy": "path \"app_1/dev/*\"\n{\n  capabilities = [\"create\", \"read\", \"update\", \"delete\", \"list\"]\n}\npath \"app_2/dev/*\"\n{\n  capabilities = [\"create\", \"read\", \"update\", \"delete\", \"list\"]\n}\npath \"app_3/dev/*\"\n{\n  capabilities = [\"create\", \"read\", \"update\", \"delete\", \"list\"]\n}\npath \"app_4/dev/*\"\n{\n  capabilities = [\"create\", \"read\", \"update\", \"delete\", \"list\"]\n}\npath \"app_5/dev/*\"\n{\n  capabilities = [\"create\", \"read\", \"update\", \"delete\", \"list\"]\n}\npath \"app_6/dev/*\"\n{\n  capabilities = [\"create\", \"read\", \"update\", \"delete\", \"list\"]\n}\n"
          },
          "sensitive_attributes": [],
          "private": "bnVsbA==",
          "dependencies": [
            "data.template_file.template_dev_policy"
          ]
        }
      ]
    },
    {
      "mode": "managed",
      "type": "vault_policy",
      "name": "sus_policy",
      "provider": "provider[\"registry.terraform.io/hashicorp/vault\"]",
      "instances": [
        {
          "schema_version": 0,
          "attributes": {
            "id": "SUS",
            "name": "SUS",
            "namespace": null,
            "policy": "path \"app_1/sus/*\"\n{\n  capabilities = [\"create\", \"read\", \"update\", \"delete\", \"list\"]\n}\npath \"app_2/sus/*\"\n{\n  capabilities = [\"create\", \"read\", \"update\", \"delete\", \"list\"]\n}\npath \"app_3/sus/*\"\n{\n  capabilities = [\"create\", \"read\", \"update\", \"delete\", \"list\"]\n}\npath \"app_4/sus/*\"\n{\n  capabilities = [\"create\", \"read\", \"update\", \"delete\", \"list\"]\n}\npath \"app_5/sus/*\"\n{\n  capabilities = [\"create\", \"read\", \"update\", \"delete\", \"list\"]\n}\npath \"app_6/sus/*\"\n{\n  capabilities = [\"create\", \"read\", \"update\", \"delete\", \"list\"]\n}\n"
          },
          "sensitive_attributes": [],
          "private": "bnVsbA==",
          "dependencies": [
            "data.template_file.template_sus_policy"
          ]
        }
      ]
    },
    {
      "module": "module.secrets_apps_tst",
      "mode": "data",
      "type": "template_file",
      "name": "template_app_1",
      "provider": "provider[\"registry.terraform.io/hashicorp/template\"]",
      "instances": [
        {
          "schema_version": 0,
          "attributes": {
            "filename": null,
            "id": "55f276e1103e1eadb4dec1d11660a16b7a5a53c646348547781e5e04cd7e1e2c",
            "rendered": "{\n    \"password\": \"Hello World\",\n    \"teste\"   : \"teste\",\n    \"teste_2\" : \"1234\",\n    \"url\"     : \"https://app_1-tst.com.br\"\n}",
            "template": "{\n    \"password\": \"Hello World\",\n    \"teste\"   : \"teste\",\n    \"teste_2\" : \"1234\",\n    \"url\"     : \"https://app_1-tst.com.br\"\n}",
            "vars": null
          },
          "sensitive_attributes": []
        }
      ]
    },
    {
      "module": "module.secrets_apps_tst",
      "mode": "data",
      "type": "template_file",
      "name": "template_app_2",
      "provider": "provider[\"registry.terraform.io/hashicorp/template\"]",
      "instances": [
        {
          "schema_version": 0,
          "attributes": {
            "filename": null,
            "id": "55f276e1103e1eadb4dec1d11660a16b7a5a53c646348547781e5e04cd7e1e2c",
            "rendered": "{\n    \"password\": \"Hello World\",\n    \"teste\"   : \"teste\",\n    \"teste_2\" : \"1234\",\n    \"url\"     : \"https://app_1-tst.com.br\"\n}",
            "template": "{\n    \"password\": \"Hello World\",\n    \"teste\"   : \"teste\",\n    \"teste_2\" : \"1234\",\n    \"url\"     : \"https://app_1-tst.com.br\"\n}",
            "vars": null
          },
          "sensitive_attributes": []
        }
      ]
    },
    {
      "module": "module.secrets_apps_tst",
      "mode": "managed",
      "type": "vault_kv_secret_v2",
      "name": "app_1",
      "provider": "provider[\"registry.terraform.io/hashicorp/vault\"]",
      "instances": [
        {
          "schema_version": 0,
          "attributes": {
            "cas": 0,
            "custom_metadata": [
              {
                "cas_required": false,
                "data": {},
                "delete_version_after": 0,
                "max_versions": 0
              }
            ],
            "data": {
              "password": "Hello World",
              "teste": "teste",
              "teste_2": "1234",
              "url": "https://app_1-tst.com.br"
            },
            "data_json": "{\"password\":\"Hello World\",\"teste\":\"teste\",\"teste_2\":\"1234\",\"url\":\"https://app_1-tst.com.br\"}",
            "delete_all_versions": true,
            "disable_read": false,
            "id": "app_1/data/tst",
            "metadata": {
              "created_time": "2023-09-28T19:47:32.738516441Z",
              "custom_metadata": "null",
              "deletion_time": "",
              "destroyed": "false",
              "version": "12"
            },
            "mount": "app_1",
            "name": "tst",
            "namespace": null,
            "options": null,
            "path": "app_1/data/tst"
          },
          "sensitive_attributes": [],
          "private": "bnVsbA==",
          "dependencies": [
            "module.secrets_apps_tst.data.template_file.template_app_1"
          ]
        }
      ]
    },
    {
      "module": "module.secrets_apps_tst",
      "mode": "managed",
      "type": "vault_kv_secret_v2",
      "name": "app_2",
      "provider": "provider[\"registry.terraform.io/hashicorp/vault\"]",
      "instances": [
        {
          "schema_version": 0,
          "attributes": {
            "cas": 0,
            "custom_metadata": [
              {
                "cas_required": false,
                "data": {},
                "delete_version_after": 0,
                "max_versions": 0
              }
            ],
            "data": {
              "password": "Hello World",
              "teste": "teste",
              "teste_2": "1234",
              "url": "https://app_1-tst.com.br"
            },
            "data_json": "{\"password\":\"Hello World\",\"teste\":\"teste\",\"teste_2\":\"1234\",\"url\":\"https://app_1-tst.com.br\"}",
            "delete_all_versions": true,
            "disable_read": false,
            "id": "app_1/data/tst",
            "metadata": {
              "created_time": "2023-09-28T20:14:35.4498956Z",
              "custom_metadata": "null",
              "deletion_time": "",
              "destroyed": "false",
              "version": "13"
            },
            "mount": "app_1",
            "name": "tst",
            "namespace": null,
            "options": null,
            "path": "app_1/data/tst"
          },
          "sensitive_attributes": [],
          "private": "bnVsbA==",
          "dependencies": [
            "module.secrets_apps_tst.data.template_file.template_app_1"
          ]
        }
      ]
    }
  ],
  "check_results": null
}
