{
  "version": 4,
  "terraform_version": "1.6.0",
  "serial": 820,
  "lineage": "c4049d8e-4e22-e564-07a6-81a78631d21d",
  "outputs": {
    "apps_dev_path": {
      "value": {
        "0": "ruby_1/data/dev",
        "1": "ruby_2/data/dev",
        "10": "angular_2/data/dev",
        "11": "angular_3/data/dev",
        "12": "angular_4/data/dev",
        "13": "angular_5/data/dev",
        "14": "angular_6/data/dev",
        "2": "ruby_3/data/dev",
        "3": "ruby_4/data/dev",
        "4": "java_1/data/dev",
        "5": "java_2/data/dev",
        "6": "java_3/data/dev",
        "7": "java_4/data/dev",
        "8": "java_5/data/dev",
        "9": "angular_1/data/dev"
      },
      "type": [
        "object",
        {
          "0": "string",
          "1": "string",
          "10": "string",
          "11": "string",
          "12": "string",
          "13": "string",
          "14": "string",
          "2": "string",
          "3": "string",
          "4": "string",
          "5": "string",
          "6": "string",
          "7": "string",
          "8": "string",
          "9": "string"
        }
      ]
    },
    "apps_hml_path": {
      "value": {
        "0": "ruby_1/data/hml",
        "1": "ruby_2/data/hml",
        "10": "angular_2/data/hml",
        "11": "angular_3/data/hml",
        "12": "angular_4/data/hml",
        "13": "angular_5/data/hml",
        "14": "angular_6/data/hml",
        "2": "ruby_3/data/hml",
        "3": "ruby_4/data/hml",
        "4": "java_1/data/hml",
        "5": "java_2/data/hml",
        "6": "java_3/data/hml",
        "7": "java_4/data/hml",
        "8": "java_5/data/hml",
        "9": "angular_1/data/hml"
      },
      "type": [
        "object",
        {
          "0": "string",
          "1": "string",
          "10": "string",
          "11": "string",
          "12": "string",
          "13": "string",
          "14": "string",
          "2": "string",
          "3": "string",
          "4": "string",
          "5": "string",
          "6": "string",
          "7": "string",
          "8": "string",
          "9": "string"
        }
      ]
    },
    "apps_sus_path": {
      "value": {
        "0": "ruby_1/data/sus",
        "1": "ruby_2/data/sus",
        "10": "angular_2/data/sus",
        "11": "angular_3/data/sus",
        "12": "angular_4/data/sus",
        "13": "angular_5/data/sus",
        "14": "angular_6/data/sus",
        "2": "ruby_3/data/sus",
        "3": "ruby_4/data/sus",
        "4": "java_1/data/sus",
        "5": "java_2/data/sus",
        "6": "java_3/data/sus",
        "7": "java_4/data/sus",
        "8": "java_5/data/sus",
        "9": "angular_1/data/sus"
      },
      "type": [
        "object",
        {
          "0": "string",
          "1": "string",
          "10": "string",
          "11": "string",
          "12": "string",
          "13": "string",
          "14": "string",
          "2": "string",
          "3": "string",
          "4": "string",
          "5": "string",
          "6": "string",
          "7": "string",
          "8": "string",
          "9": "string"
        }
      ]
    },
    "apps_tst_path": {
      "value": {
        "0": "ruby_1/data/tst",
        "1": "ruby_2/data/tst",
        "10": "angular_2/data/tst",
        "11": "angular_3/data/tst",
        "12": "angular_4/data/tst",
        "13": "angular_5/data/tst",
        "14": "angular_6/data/tst",
        "2": "ruby_3/data/tst",
        "3": "ruby_4/data/tst",
        "4": "java_1/data/tst",
        "5": "java_2/data/tst",
        "6": "java_3/data/tst",
        "7": "java_4/data/tst",
        "8": "java_5/data/tst",
        "9": "angular_1/data/tst"
      },
      "type": [
        "object",
        {
          "0": "string",
          "1": "string",
          "10": "string",
          "11": "string",
          "12": "string",
          "13": "string",
          "14": "string",
          "2": "string",
          "3": "string",
          "4": "string",
          "5": "string",
          "6": "string",
          "7": "string",
          "8": "string",
          "9": "string"
        }
      ]
    },
    "kv_apps_id": {
      "value": {
        "0": "ruby_1",
        "1": "ruby_2",
        "10": "angular_2",
        "11": "angular_3",
        "12": "angular_4",
        "13": "angular_5",
        "14": "angular_6",
        "2": "ruby_3",
        "3": "ruby_4",
        "4": "java_1",
        "5": "java_2",
        "6": "java_3",
        "7": "java_4",
        "8": "java_5",
        "9": "angular_1"
      },
      "type": [
        "object",
        {
          "0": "string",
          "1": "string",
          "10": "string",
          "11": "string",
          "12": "string",
          "13": "string",
          "14": "string",
          "2": "string",
          "3": "string",
          "4": "string",
          "5": "string",
          "6": "string",
          "7": "string",
          "8": "string",
          "9": "string"
        }
      ]
    }
  },
  "resources": [
    {
      "mode": "data",
      "type": "template_file",
      "name": "template_dev_policy",
      "provider": "provider[\"registry.terraform.io/hashicorp/template\"]",
      "instances": [
        {
          "schema_version": 0,
          "attributes": {
            "filename": null,
            "id": "0a01b10fcea54b0922776a04204df919ff6142d222d078cfeb2f4a1aded101c4",
            "rendered": "path \"ruby_1/dev/*\"\n{\n  capabilities = [\"create\", \"read\", \"update\", \"delete\", \"list\"]\n}\npath \"ruby_2/dev/*\"\n{\n  capabilities = [\"create\", \"read\", \"update\", \"delete\", \"list\"]\n}\npath \"ruby_3/dev/*\"\n{\n  capabilities = [\"create\", \"read\", \"update\", \"delete\", \"list\"]\n}\npath \"ruby_4/dev/*\"\n{\n  capabilities = [\"create\", \"read\", \"update\", \"delete\", \"list\"]\n}\npath \"java_1/dev/*\"\n{\n  capabilities = [\"create\", \"read\", \"update\", \"delete\", \"list\"]\n}\npath \"java_2/dev/*\"\n{\n  capabilities = [\"create\", \"read\", \"update\", \"delete\", \"list\"]\n}\npath \"java_3/dev/*\"\n{\n  capabilities = [\"create\", \"read\", \"update\", \"delete\", \"list\"]\n}\npath \"java_4/dev/*\"\n{\n  capabilities = [\"create\", \"read\", \"update\", \"delete\", \"list\"]\n}\npath \"java_5/dev/*\"\n{\n  capabilities = [\"create\", \"read\", \"update\", \"delete\", \"list\"]\n}\npath \"angular_1/dev/*\"\n{\n  capabilities = [\"create\", \"read\", \"update\", \"delete\", \"list\"]\n}\npath \"angular_2/dev/*\"\n{\n  capabilities = [\"create\", \"read\", \"update\", \"delete\", \"list\"]\n}\npath \"angular_3/dev/*\"\n{\n  capabilities = [\"create\", \"read\", \"update\", \"delete\", \"list\"]\n}\npath \"angular_4/dev/*\"\n{\n  capabilities = [\"create\", \"read\", \"update\", \"delete\", \"list\"]\n}\npath \"angular_5/dev/*\"\n{\n  capabilities = [\"create\", \"read\", \"update\", \"delete\", \"list\"]\n}\npath \"angular_6/dev/*\"\n{\n  capabilities = [\"create\", \"read\", \"update\", \"delete\", \"list\"]\n}\n",
            "template": "path \"ruby_1/dev/*\"\n{\n  capabilities = [\"create\", \"read\", \"update\", \"delete\", \"list\"]\n}\npath \"ruby_2/dev/*\"\n{\n  capabilities = [\"create\", \"read\", \"update\", \"delete\", \"list\"]\n}\npath \"ruby_3/dev/*\"\n{\n  capabilities = [\"create\", \"read\", \"update\", \"delete\", \"list\"]\n}\npath \"ruby_4/dev/*\"\n{\n  capabilities = [\"create\", \"read\", \"update\", \"delete\", \"list\"]\n}\npath \"java_1/dev/*\"\n{\n  capabilities = [\"create\", \"read\", \"update\", \"delete\", \"list\"]\n}\npath \"java_2/dev/*\"\n{\n  capabilities = [\"create\", \"read\", \"update\", \"delete\", \"list\"]\n}\npath \"java_3/dev/*\"\n{\n  capabilities = [\"create\", \"read\", \"update\", \"delete\", \"list\"]\n}\npath \"java_4/dev/*\"\n{\n  capabilities = [\"create\", \"read\", \"update\", \"delete\", \"list\"]\n}\npath \"java_5/dev/*\"\n{\n  capabilities = [\"create\", \"read\", \"update\", \"delete\", \"list\"]\n}\npath \"angular_1/dev/*\"\n{\n  capabilities = [\"create\", \"read\", \"update\", \"delete\", \"list\"]\n}\npath \"angular_2/dev/*\"\n{\n  capabilities = [\"create\", \"read\", \"update\", \"delete\", \"list\"]\n}\npath \"angular_3/dev/*\"\n{\n  capabilities = [\"create\", \"read\", \"update\", \"delete\", \"list\"]\n}\npath \"angular_4/dev/*\"\n{\n  capabilities = [\"create\", \"read\", \"update\", \"delete\", \"list\"]\n}\npath \"angular_5/dev/*\"\n{\n  capabilities = [\"create\", \"read\", \"update\", \"delete\", \"list\"]\n}\npath \"angular_6/dev/*\"\n{\n  capabilities = [\"create\", \"read\", \"update\", \"delete\", \"list\"]\n}\n",
            "vars": null
          },
          "sensitive_attributes": []
        }
      ]
    },
    {
      "mode": "data",
      "type": "template_file",
      "name": "template_sus_policy",
      "provider": "provider[\"registry.terraform.io/hashicorp/template\"]",
      "instances": [
        {
          "schema_version": 0,
          "attributes": {
            "filename": null,
            "id": "0baa16b86f2ea188c7525cbbe6e60611d15b35ad046fa948c043cf826b9bc8ee",
            "rendered": "path \"ruby_1/sus/*\"\n{\n  capabilities = [\"create\", \"read\", \"update\", \"delete\", \"list\"]\n}\npath \"ruby_2/sus/*\"\n{\n  capabilities = [\"create\", \"read\", \"update\", \"delete\", \"list\"]\n}\npath \"ruby_3/sus/*\"\n{\n  capabilities = [\"create\", \"read\", \"update\", \"delete\", \"list\"]\n}\npath \"ruby_4/sus/*\"\n{\n  capabilities = [\"create\", \"read\", \"update\", \"delete\", \"list\"]\n}\npath \"java_1/sus/*\"\n{\n  capabilities = [\"create\", \"read\", \"update\", \"delete\", \"list\"]\n}\npath \"java_2/sus/*\"\n{\n  capabilities = [\"create\", \"read\", \"update\", \"delete\", \"list\"]\n}\npath \"java_3/sus/*\"\n{\n  capabilities = [\"create\", \"read\", \"update\", \"delete\", \"list\"]\n}\npath \"java_4/sus/*\"\n{\n  capabilities = [\"create\", \"read\", \"update\", \"delete\", \"list\"]\n}\npath \"java_5/sus/*\"\n{\n  capabilities = [\"create\", \"read\", \"update\", \"delete\", \"list\"]\n}\npath \"angular_1/sus/*\"\n{\n  capabilities = [\"create\", \"read\", \"update\", \"delete\", \"list\"]\n}\npath \"angular_2/sus/*\"\n{\n  capabilities = [\"create\", \"read\", \"update\", \"delete\", \"list\"]\n}\npath \"angular_3/sus/*\"\n{\n  capabilities = [\"create\", \"read\", \"update\", \"delete\", \"list\"]\n}\npath \"angular_4/sus/*\"\n{\n  capabilities = [\"create\", \"read\", \"update\", \"delete\", \"list\"]\n}\npath \"angular_5/sus/*\"\n{\n  capabilities = [\"create\", \"read\", \"update\", \"delete\", \"list\"]\n}\npath \"angular_6/sus/*\"\n{\n  capabilities = [\"create\", \"read\", \"update\", \"delete\", \"list\"]\n}\n",
            "template": "path \"ruby_1/sus/*\"\n{\n  capabilities = [\"create\", \"read\", \"update\", \"delete\", \"list\"]\n}\npath \"ruby_2/sus/*\"\n{\n  capabilities = [\"create\", \"read\", \"update\", \"delete\", \"list\"]\n}\npath \"ruby_3/sus/*\"\n{\n  capabilities = [\"create\", \"read\", \"update\", \"delete\", \"list\"]\n}\npath \"ruby_4/sus/*\"\n{\n  capabilities = [\"create\", \"read\", \"update\", \"delete\", \"list\"]\n}\npath \"java_1/sus/*\"\n{\n  capabilities = [\"create\", \"read\", \"update\", \"delete\", \"list\"]\n}\npath \"java_2/sus/*\"\n{\n  capabilities = [\"create\", \"read\", \"update\", \"delete\", \"list\"]\n}\npath \"java_3/sus/*\"\n{\n  capabilities = [\"create\", \"read\", \"update\", \"delete\", \"list\"]\n}\npath \"java_4/sus/*\"\n{\n  capabilities = [\"create\", \"read\", \"update\", \"delete\", \"list\"]\n}\npath \"java_5/sus/*\"\n{\n  capabilities = [\"create\", \"read\", \"update\", \"delete\", \"list\"]\n}\npath \"angular_1/sus/*\"\n{\n  capabilities = [\"create\", \"read\", \"update\", \"delete\", \"list\"]\n}\npath \"angular_2/sus/*\"\n{\n  capabilities = [\"create\", \"read\", \"update\", \"delete\", \"list\"]\n}\npath \"angular_3/sus/*\"\n{\n  capabilities = [\"create\", \"read\", \"update\", \"delete\", \"list\"]\n}\npath \"angular_4/sus/*\"\n{\n  capabilities = [\"create\", \"read\", \"update\", \"delete\", \"list\"]\n}\npath \"angular_5/sus/*\"\n{\n  capabilities = [\"create\", \"read\", \"update\", \"delete\", \"list\"]\n}\npath \"angular_6/sus/*\"\n{\n  capabilities = [\"create\", \"read\", \"update\", \"delete\", \"list\"]\n}\n",
            "vars": null
          },
          "sensitive_attributes": []
        }
      ]
    },
    {
      "mode": "managed",
      "type": "vault_kv_secret_v2",
      "name": "apps_ci",
      "provider": "provider[\"registry.terraform.io/hashicorp/vault\"]",
      "instances": [
        {
          "index_key": 0,
          "schema_version": 0,
          "attributes": {
            "cas": 0,
            "custom_metadata": [
              {
                "cas_required": false,
                "data": {},
                "delete_version_after": 0,
                "max_versions": 0
              }
            ],
            "data": {
              "password": "Hello World",
              "teste": "teste",
              "teste_2": "1234",
              "url": "https://app_1-ci.com.br"
            },
            "data_json": "{}",
            "delete_all_versions": true,
            "disable_read": false,
            "id": "ruby_1/data/ci",
            "metadata": {
              "created_time": "2023-09-29T12:59:17.36004909Z",
              "custom_metadata": "null",
              "deletion_time": "",
              "destroyed": "false",
              "version": "2"
            },
            "mount": "ruby_1",
            "name": "ci",
            "namespace": null,
            "options": null,
            "path": "ruby_1/data/ci"
          },
          "sensitive_attributes": [],
          "private": "bnVsbA==",
          "dependencies": [
            "vault_mount.kv-apps"
          ]
        },
        {
          "index_key": 1,
          "schema_version": 0,
          "attributes": {
            "cas": 0,
            "custom_metadata": [
              {
                "cas_required": false,
                "data": {},
                "delete_version_after": 0,
                "max_versions": 0
              }
            ],
            "data": {
              "password": "Hello World",
              "teste": "teste",
              "teste_2": "1234",
              "url": "https://app_2-ci.com.br"
            },
            "data_json": "{}",
            "delete_all_versions": true,
            "disable_read": false,
            "id": "ruby_2/data/ci",
            "metadata": {
              "created_time": "2023-09-29T12:59:17.489069952Z",
              "custom_metadata": "null",
              "deletion_time": "",
              "destroyed": "false",
              "version": "2"
            },
            "mount": "ruby_2",
            "name": "ci",
            "namespace": null,
            "options": null,
            "path": "ruby_2/data/ci"
          },
          "sensitive_attributes": [],
          "private": "bnVsbA==",
          "dependencies": [
            "vault_mount.kv-apps"
          ]
        },
        {
          "index_key": 2,
          "schema_version": 0,
          "attributes": {
            "cas": 0,
            "custom_metadata": [
              {
                "cas_required": false,
                "data": {},
                "delete_version_after": 0,
                "max_versions": 0
              }
            ],
            "data": {},
            "data_json": "{}",
            "delete_all_versions": true,
            "disable_read": false,
            "id": "ruby_3/data/ci",
            "metadata": {
              "created_time": "2023-09-29T12:00:05.609311193Z",
              "custom_metadata": "null",
              "deletion_time": "",
              "destroyed": "false",
              "version": "1"
            },
            "mount": "ruby_3",
            "name": "ci",
            "namespace": null,
            "options": null,
            "path": "ruby_3/data/ci"
          },
          "sensitive_attributes": [],
          "private": "bnVsbA==",
          "dependencies": [
            "vault_mount.kv-apps"
          ]
        },
        {
          "index_key": 3,
          "schema_version": 0,
          "attributes": {
            "cas": 0,
            "custom_metadata": [
              {
                "cas_required": false,
                "data": {},
                "delete_version_after": 0,
                "max_versions": 0
              }
            ],
            "data": {},
            "data_json": "{}",
            "delete_all_versions": true,
            "disable_read": false,
            "id": "ruby_4/data/ci",
            "metadata": {
              "created_time": "2023-09-29T12:00:05.624991854Z",
              "custom_metadata": "null",
              "deletion_time": "",
              "destroyed": "false",
              "version": "1"
            },
            "mount": "ruby_4",
            "name": "ci",
            "namespace": null,
            "options": null,
            "path": "ruby_4/data/ci"
          },
          "sensitive_attributes": [],
          "private": "bnVsbA==",
          "dependencies": [
            "vault_mount.kv-apps"
          ]
        },
        {
          "index_key": 4,
          "schema_version": 0,
          "attributes": {
            "cas": 0,
            "custom_metadata": [
              {
                "cas_required": false,
                "data": {},
                "delete_version_after": 0,
                "max_versions": 0
              }
            ],
            "data": {
              "password": "Hello World",
              "teste": "teste",
              "teste_2": "1234",
              "url": "https://app_1-ci.com.br"
            },
            "data_json": "{}",
            "delete_all_versions": true,
            "disable_read": false,
            "id": "java_1/data/ci",
            "metadata": {
              "created_time": "2023-09-29T12:47:14.201358572Z",
              "custom_metadata": "null",
              "deletion_time": "",
              "destroyed": "false",
              "version": "3"
            },
            "mount": "java_1",
            "name": "ci",
            "namespace": null,
            "options": null,
            "path": "java_1/data/ci"
          },
          "sensitive_attributes": [],
          "private": "bnVsbA==",
          "dependencies": [
            "vault_mount.kv-apps"
          ]
        },
        {
          "index_key": 5,
          "schema_version": 0,
          "attributes": {
            "cas": 0,
            "custom_metadata": [
              {
                "cas_required": false,
                "data": {},
                "delete_version_after": 0,
                "max_versions": 0
              }
            ],
            "data": {
              "password": "Hello World",
              "teste": "teste",
              "teste_2": "1234",
              "url": "https://app_2-ci.com.br"
            },
            "data_json": "{}",
            "delete_all_versions": true,
            "disable_read": false,
            "id": "java_2/data/ci",
            "metadata": {
              "created_time": "2023-09-29T12:47:14.208577346Z",
              "custom_metadata": "null",
              "deletion_time": "",
              "destroyed": "false",
              "version": "3"
            },
            "mount": "java_2",
            "name": "ci",
            "namespace": null,
            "options": null,
            "path": "java_2/data/ci"
          },
          "sensitive_attributes": [],
          "private": "bnVsbA==",
          "dependencies": [
            "vault_mount.kv-apps"
          ]
        },
        {
          "index_key": 6,
          "schema_version": 0,
          "attributes": {
            "cas": 0,
            "custom_metadata": [
              {
                "cas_required": false,
                "data": {},
                "delete_version_after": 0,
                "max_versions": 0
              }
            ],
            "data": {},
            "data_json": "{}",
            "delete_all_versions": true,
            "disable_read": false,
            "id": "java_3/data/ci",
            "metadata": {
              "created_time": "2023-09-29T12:00:05.835810081Z",
              "custom_metadata": "null",
              "deletion_time": "",
              "destroyed": "false",
              "version": "1"
            },
            "mount": "java_3",
            "name": "ci",
            "namespace": null,
            "options": null,
            "path": "java_3/data/ci"
          },
          "sensitive_attributes": [],
          "private": "bnVsbA==",
          "dependencies": [
            "vault_mount.kv-apps"
          ]
        },
        {
          "index_key": 7,
          "schema_version": 0,
          "attributes": {
            "cas": 0,
            "custom_metadata": [
              {
                "cas_required": false,
                "data": {},
                "delete_version_after": 0,
                "max_versions": 0
              }
            ],
            "data": {},
            "data_json": "{}",
            "delete_all_versions": true,
            "disable_read": false,
            "id": "java_4/data/ci",
            "metadata": {
              "created_time": "2023-09-29T12:00:05.703418345Z",
              "custom_metadata": "null",
              "deletion_time": "",
              "destroyed": "false",
              "version": "1"
            },
            "mount": "java_4",
            "name": "ci",
            "namespace": null,
            "options": null,
            "path": "java_4/data/ci"
          },
          "sensitive_attributes": [],
          "private": "bnVsbA==",
          "dependencies": [
            "vault_mount.kv-apps"
          ]
        },
        {
          "index_key": 8,
          "schema_version": 0,
          "attributes": {
            "cas": 0,
            "custom_metadata": [
              {
                "cas_required": false,
                "data": {},
                "delete_version_after": 0,
                "max_versions": 0
              }
            ],
            "data": {},
            "data_json": "{}",
            "delete_all_versions": true,
            "disable_read": false,
            "id": "java_5/data/ci",
            "metadata": {
              "created_time": "2023-09-29T12:00:05.614389136Z",
              "custom_metadata": "null",
              "deletion_time": "",
              "destroyed": "false",
              "version": "1"
            },
            "mount": "java_5",
            "name": "ci",
            "namespace": null,
            "options": null,
            "path": "java_5/data/ci"
          },
          "sensitive_attributes": [],
          "private": "bnVsbA==",
          "dependencies": [
            "vault_mount.kv-apps"
          ]
        },
        {
          "index_key": 9,
          "schema_version": 0,
          "attributes": {
            "cas": 0,
            "custom_metadata": [
              {
                "cas_required": false,
                "data": {},
                "delete_version_after": 0,
                "max_versions": 0
              }
            ],
            "data": {
              "password": "Hello World",
              "teste": "teste",
              "teste_2": "1234",
              "url": "https://app_1-ci.com.br"
            },
            "data_json": "{}",
            "delete_all_versions": true,
            "disable_read": false,
            "id": "angular_1/data/ci",
            "metadata": {
              "created_time": "2023-09-29T12:59:17.364729826Z",
              "custom_metadata": "null",
              "deletion_time": "",
              "destroyed": "false",
              "version": "2"
            },
            "mount": "angular_1",
            "name": "ci",
            "namespace": null,
            "options": null,
            "path": "angular_1/data/ci"
          },
          "sensitive_attributes": [],
          "private": "bnVsbA==",
          "dependencies": [
            "vault_mount.kv-apps"
          ]
        },
        {
          "index_key": 10,
          "schema_version": 0,
          "attributes": {
            "cas": 0,
            "custom_metadata": [
              {
                "cas_required": false,
                "data": {},
                "delete_version_after": 0,
                "max_versions": 0
              }
            ],
            "data": {
              "password": "Hello World",
              "teste": "teste",
              "teste_2": "1234",
              "url": "https://app_2-ci.com.br"
            },
            "data_json": "{}",
            "delete_all_versions": true,
            "disable_read": false,
            "id": "angular_2/data/ci",
            "metadata": {
              "created_time": "2023-09-29T12:59:17.573341671Z",
              "custom_metadata": "null",
              "deletion_time": "",
              "destroyed": "false",
              "version": "2"
            },
            "mount": "angular_2",
            "name": "ci",
            "namespace": null,
            "options": null,
            "path": "angular_2/data/ci"
          },
          "sensitive_attributes": [],
          "private": "bnVsbA==",
          "dependencies": [
            "vault_mount.kv-apps"
          ]
        },
        {
          "index_key": 11,
          "schema_version": 0,
          "attributes": {
            "cas": 0,
            "custom_metadata": [
              {
                "cas_required": false,
                "data": {},
                "delete_version_after": 0,
                "max_versions": 0
              }
            ],
            "data": {},
            "data_json": "{}",
            "delete_all_versions": true,
            "disable_read": false,
            "id": "angular_3/data/ci",
            "metadata": {
              "created_time": "2023-09-29T12:00:05.711217246Z",
              "custom_metadata": "null",
              "deletion_time": "",
              "destroyed": "false",
              "version": "1"
            },
            "mount": "angular_3",
            "name": "ci",
            "namespace": null,
            "options": null,
            "path": "angular_3/data/ci"
          },
          "sensitive_attributes": [],
          "private": "bnVsbA==",
          "dependencies": [
            "vault_mount.kv-apps"
          ]
        },
        {
          "index_key": 12,
          "schema_version": 0,
          "attributes": {
            "cas": 0,
            "custom_metadata": [
              {
                "cas_required": false,
                "data": {},
                "delete_version_after": 0,
                "max_versions": 0
              }
            ],
            "data": {},
            "data_json": "{}",
            "delete_all_versions": true,
            "disable_read": false,
            "id": "angular_4/data/ci",
            "metadata": {
              "created_time": "2023-09-29T12:00:05.676593481Z",
              "custom_metadata": "null",
              "deletion_time": "",
              "destroyed": "false",
              "version": "1"
            },
            "mount": "angular_4",
            "name": "ci",
            "namespace": null,
            "options": null,
            "path": "angular_4/data/ci"
          },
          "sensitive_attributes": [],
          "private": "bnVsbA==",
          "dependencies": [
            "vault_mount.kv-apps"
          ]
        },
        {
          "index_key": 13,
          "schema_version": 0,
          "attributes": {
            "cas": 0,
            "custom_metadata": [
              {
                "cas_required": false,
                "data": {},
                "delete_version_after": 0,
                "max_versions": 0
              }
            ],
            "data": {},
            "data_json": "{}",
            "delete_all_versions": true,
            "disable_read": false,
            "id": "angular_5/data/ci",
            "metadata": {
              "created_time": "2023-09-29T12:00:05.758011761Z",
              "custom_metadata": "null",
              "deletion_time": "",
              "destroyed": "false",
              "version": "1"
            },
            "mount": "angular_5",
            "name": "ci",
            "namespace": null,
            "options": null,
            "path": "angular_5/data/ci"
          },
          "sensitive_attributes": [],
          "private": "bnVsbA==",
          "dependencies": [
            "vault_mount.kv-apps"
          ]
        },
        {
          "index_key": 14,
          "schema_version": 0,
          "attributes": {
            "cas": 0,
            "custom_metadata": [
              {
                "cas_required": false,
                "data": {},
                "delete_version_after": 0,
                "max_versions": 0
              }
            ],
            "data": {},
            "data_json": "{}",
            "delete_all_versions": true,
            "disable_read": false,
            "id": "angular_6/data/ci",
            "metadata": {
              "created_time": "2023-09-29T12:00:05.843738739Z",
              "custom_metadata": "null",
              "deletion_time": "",
              "destroyed": "false",
              "version": "1"
            },
            "mount": "angular_6",
            "name": "ci",
            "namespace": null,
            "options": null,
            "path": "angular_6/data/ci"
          },
          "sensitive_attributes": [],
          "private": "bnVsbA==",
          "dependencies": [
            "vault_mount.kv-apps"
          ]
        }
      ]
    },
    {
      "mode": "managed",
      "type": "vault_kv_secret_v2",
      "name": "apps_dev",
      "provider": "provider[\"registry.terraform.io/hashicorp/vault\"]",
      "instances": [
        {
          "index_key": 0,
          "schema_version": 0,
          "attributes": {
            "cas": 0,
            "custom_metadata": [
              {
                "cas_required": false,
                "data": {},
                "delete_version_after": 0,
                "max_versions": 0
              }
            ],
            "data": {},
            "data_json": "{}",
            "delete_all_versions": true,
            "disable_read": false,
            "id": "ruby_1/data/dev",
            "metadata": {
              "created_time": "2023-09-29T12:00:06.239672641Z",
              "custom_metadata": "null",
              "deletion_time": "",
              "destroyed": "false",
              "version": "1"
            },
            "mount": "ruby_1",
            "name": "dev",
            "namespace": null,
            "options": null,
            "path": "ruby_1/data/dev"
          },
          "sensitive_attributes": [],
          "private": "bnVsbA==",
          "dependencies": [
            "vault_mount.kv-apps"
          ]
        },
        {
          "index_key": 1,
          "schema_version": 0,
          "attributes": {
            "cas": 0,
            "custom_metadata": [
              {
                "cas_required": false,
                "data": {},
                "delete_version_after": 0,
                "max_versions": 0
              }
            ],
            "data": {},
            "data_json": "{}",
            "delete_all_versions": true,
            "disable_read": false,
            "id": "ruby_2/data/dev",
            "metadata": {
              "created_time": "2023-09-29T12:00:06.210293545Z",
              "custom_metadata": "null",
              "deletion_time": "",
              "destroyed": "false",
              "version": "1"
            },
            "mount": "ruby_2",
            "name": "dev",
            "namespace": null,
            "options": null,
            "path": "ruby_2/data/dev"
          },
          "sensitive_attributes": [],
          "private": "bnVsbA==",
          "dependencies": [
            "vault_mount.kv-apps"
          ]
        },
        {
          "index_key": 2,
          "schema_version": 0,
          "attributes": {
            "cas": 0,
            "custom_metadata": [
              {
                "cas_required": false,
                "data": {},
                "delete_version_after": 0,
                "max_versions": 0
              }
            ],
            "data": {},
            "data_json": "{}",
            "delete_all_versions": true,
            "disable_read": false,
            "id": "ruby_3/data/dev",
            "metadata": {
              "created_time": "2023-09-29T12:00:06.243812151Z",
              "custom_metadata": "null",
              "deletion_time": "",
              "destroyed": "false",
              "version": "1"
            },
            "mount": "ruby_3",
            "name": "dev",
            "namespace": null,
            "options": null,
            "path": "ruby_3/data/dev"
          },
          "sensitive_attributes": [],
          "private": "bnVsbA==",
          "dependencies": [
            "vault_mount.kv-apps"
          ]
        },
        {
          "index_key": 3,
          "schema_version": 0,
          "attributes": {
            "cas": 0,
            "custom_metadata": [
              {
                "cas_required": false,
                "data": {},
                "delete_version_after": 0,
                "max_versions": 0
              }
            ],
            "data": {},
            "data_json": "{}",
            "delete_all_versions": true,
            "disable_read": false,
            "id": "ruby_4/data/dev",
            "metadata": {
              "created_time": "2023-09-29T12:00:06.326496033Z",
              "custom_metadata": "null",
              "deletion_time": "",
              "destroyed": "false",
              "version": "1"
            },
            "mount": "ruby_4",
            "name": "dev",
            "namespace": null,
            "options": null,
            "path": "ruby_4/data/dev"
          },
          "sensitive_attributes": [],
          "private": "bnVsbA==",
          "dependencies": [
            "vault_mount.kv-apps"
          ]
        },
        {
          "index_key": 4,
          "schema_version": 0,
          "attributes": {
            "cas": 0,
            "custom_metadata": [
              {
                "cas_required": false,
                "data": {},
                "delete_version_after": 0,
                "max_versions": 0
              }
            ],
            "data": {},
            "data_json": "{}",
            "delete_all_versions": true,
            "disable_read": false,
            "id": "java_1/data/dev",
            "metadata": {
              "created_time": "2023-09-29T12:00:06.279788366Z",
              "custom_metadata": "null",
              "deletion_time": "",
              "destroyed": "false",
              "version": "1"
            },
            "mount": "java_1",
            "name": "dev",
            "namespace": null,
            "options": null,
            "path": "java_1/data/dev"
          },
          "sensitive_attributes": [],
          "private": "bnVsbA==",
          "dependencies": [
            "vault_mount.kv-apps"
          ]
        },
        {
          "index_key": 5,
          "schema_version": 0,
          "attributes": {
            "cas": 0,
            "custom_metadata": [
              {
                "cas_required": false,
                "data": {},
                "delete_version_after": 0,
                "max_versions": 0
              }
            ],
            "data": {},
            "data_json": "{}",
            "delete_all_versions": true,
            "disable_read": false,
            "id": "java_2/data/dev",
            "metadata": {
              "created_time": "2023-09-29T12:00:06.374315164Z",
              "custom_metadata": "null",
              "deletion_time": "",
              "destroyed": "false",
              "version": "1"
            },
            "mount": "java_2",
            "name": "dev",
            "namespace": null,
            "options": null,
            "path": "java_2/data/dev"
          },
          "sensitive_attributes": [],
          "private": "bnVsbA==",
          "dependencies": [
            "vault_mount.kv-apps"
          ]
        },
        {
          "index_key": 6,
          "schema_version": 0,
          "attributes": {
            "cas": 0,
            "custom_metadata": [
              {
                "cas_required": false,
                "data": {},
                "delete_version_after": 0,
                "max_versions": 0
              }
            ],
            "data": {},
            "data_json": "{}",
            "delete_all_versions": true,
            "disable_read": false,
            "id": "java_3/data/dev",
            "metadata": {
              "created_time": "2023-09-29T12:00:06.408745867Z",
              "custom_metadata": "null",
              "deletion_time": "",
              "destroyed": "false",
              "version": "1"
            },
            "mount": "java_3",
            "name": "dev",
            "namespace": null,
            "options": null,
            "path": "java_3/data/dev"
          },
          "sensitive_attributes": [],
          "private": "bnVsbA==",
          "dependencies": [
            "vault_mount.kv-apps"
          ]
        },
        {
          "index_key": 7,
          "schema_version": 0,
          "attributes": {
            "cas": 0,
            "custom_metadata": [
              {
                "cas_required": false,
                "data": {},
                "delete_version_after": 0,
                "max_versions": 0
              }
            ],
            "data": {},
            "data_json": "{}",
            "delete_all_versions": true,
            "disable_read": false,
            "id": "java_4/data/dev",
            "metadata": {
              "created_time": "2023-09-29T12:00:06.305532203Z",
              "custom_metadata": "null",
              "deletion_time": "",
              "destroyed": "false",
              "version": "1"
            },
            "mount": "java_4",
            "name": "dev",
            "namespace": null,
            "options": null,
            "path": "java_4/data/dev"
          },
          "sensitive_attributes": [],
          "private": "bnVsbA==",
          "dependencies": [
            "vault_mount.kv-apps"
          ]
        },
        {
          "index_key": 8,
          "schema_version": 0,
          "attributes": {
            "cas": 0,
            "custom_metadata": [
              {
                "cas_required": false,
                "data": {},
                "delete_version_after": 0,
                "max_versions": 0
              }
            ],
            "data": {},
            "data_json": "{}",
            "delete_all_versions": true,
            "disable_read": false,
            "id": "java_5/data/dev",
            "metadata": {
              "created_time": "2023-09-29T12:00:05.614517588Z",
              "custom_metadata": "null",
              "deletion_time": "",
              "destroyed": "false",
              "version": "1"
            },
            "mount": "java_5",
            "name": "dev",
            "namespace": null,
            "options": null,
            "path": "java_5/data/dev"
          },
          "sensitive_attributes": [],
          "private": "bnVsbA==",
          "dependencies": [
            "vault_mount.kv-apps"
          ]
        },
        {
          "index_key": 9,
          "schema_version": 0,
          "attributes": {
            "cas": 0,
            "custom_metadata": [
              {
                "cas_required": false,
                "data": {},
                "delete_version_after": 0,
                "max_versions": 0
              }
            ],
            "data": {},
            "data_json": "{}",
            "delete_all_versions": true,
            "disable_read": false,
            "id": "angular_1/data/dev",
            "metadata": {
              "created_time": "2023-09-29T12:00:06.123923284Z",
              "custom_metadata": "null",
              "deletion_time": "",
              "destroyed": "false",
              "version": "1"
            },
            "mount": "angular_1",
            "name": "dev",
            "namespace": null,
            "options": null,
            "path": "angular_1/data/dev"
          },
          "sensitive_attributes": [],
          "private": "bnVsbA==",
          "dependencies": [
            "vault_mount.kv-apps"
          ]
        },
        {
          "index_key": 10,
          "schema_version": 0,
          "attributes": {
            "cas": 0,
            "custom_metadata": [
              {
                "cas_required": false,
                "data": {},
                "delete_version_after": 0,
                "max_versions": 0
              }
            ],
            "data": {},
            "data_json": "{}",
            "delete_all_versions": true,
            "disable_read": false,
            "id": "angular_2/data/dev",
            "metadata": {
              "created_time": "2023-09-29T12:00:06.348483156Z",
              "custom_metadata": "null",
              "deletion_time": "",
              "destroyed": "false",
              "version": "1"
            },
            "mount": "angular_2",
            "name": "dev",
            "namespace": null,
            "options": null,
            "path": "angular_2/data/dev"
          },
          "sensitive_attributes": [],
          "private": "bnVsbA==",
          "dependencies": [
            "vault_mount.kv-apps"
          ]
        },
        {
          "index_key": 11,
          "schema_version": 0,
          "attributes": {
            "cas": 0,
            "custom_metadata": [
              {
                "cas_required": false,
                "data": {},
                "delete_version_after": 0,
                "max_versions": 0
              }
            ],
            "data": {},
            "data_json": "{}",
            "delete_all_versions": true,
            "disable_read": false,
            "id": "angular_3/data/dev",
            "metadata": {
              "created_time": "2023-09-29T12:00:06.317614524Z",
              "custom_metadata": "null",
              "deletion_time": "",
              "destroyed": "false",
              "version": "1"
            },
            "mount": "angular_3",
            "name": "dev",
            "namespace": null,
            "options": null,
            "path": "angular_3/data/dev"
          },
          "sensitive_attributes": [],
          "private": "bnVsbA==",
          "dependencies": [
            "vault_mount.kv-apps"
          ]
        },
        {
          "index_key": 12,
          "schema_version": 0,
          "attributes": {
            "cas": 0,
            "custom_metadata": [
              {
                "cas_required": false,
                "data": {},
                "delete_version_after": 0,
                "max_versions": 0
              }
            ],
            "data": {},
            "data_json": "{}",
            "delete_all_versions": true,
            "disable_read": false,
            "id": "angular_4/data/dev",
            "metadata": {
              "created_time": "2023-09-29T12:00:06.215452839Z",
              "custom_metadata": "null",
              "deletion_time": "",
              "destroyed": "false",
              "version": "1"
            },
            "mount": "angular_4",
            "name": "dev",
            "namespace": null,
            "options": null,
            "path": "angular_4/data/dev"
          },
          "sensitive_attributes": [],
          "private": "bnVsbA==",
          "dependencies": [
            "vault_mount.kv-apps"
          ]
        },
        {
          "index_key": 13,
          "schema_version": 0,
          "attributes": {
            "cas": 0,
            "custom_metadata": [
              {
                "cas_required": false,
                "data": {},
                "delete_version_after": 0,
                "max_versions": 0
              }
            ],
            "data": {},
            "data_json": "{}",
            "delete_all_versions": true,
            "disable_read": false,
            "id": "angular_5/data/dev",
            "metadata": {
              "created_time": "2023-09-29T12:00:06.405882862Z",
              "custom_metadata": "null",
              "deletion_time": "",
              "destroyed": "false",
              "version": "1"
            },
            "mount": "angular_5",
            "name": "dev",
            "namespace": null,
            "options": null,
            "path": "angular_5/data/dev"
          },
          "sensitive_attributes": [],
          "private": "bnVsbA==",
          "dependencies": [
            "vault_mount.kv-apps"
          ]
        },
        {
          "index_key": 14,
          "schema_version": 0,
          "attributes": {
            "cas": 0,
            "custom_metadata": [
              {
                "cas_required": false,
                "data": {},
                "delete_version_after": 0,
                "max_versions": 0
              }
            ],
            "data": {},
            "data_json": "{}",
            "delete_all_versions": true,
            "disable_read": false,
            "id": "angular_6/data/dev",
            "metadata": {
              "created_time": "2023-09-29T12:00:06.278674783Z",
              "custom_metadata": "null",
              "deletion_time": "",
              "destroyed": "false",
              "version": "1"
            },
            "mount": "angular_6",
            "name": "dev",
            "namespace": null,
            "options": null,
            "path": "angular_6/data/dev"
          },
          "sensitive_attributes": [],
          "private": "bnVsbA==",
          "dependencies": [
            "vault_mount.kv-apps"
          ]
        }
      ]
    },
    {
      "mode": "managed",
      "type": "vault_kv_secret_v2",
      "name": "apps_hml",
      "provider": "provider[\"registry.terraform.io/hashicorp/vault\"]",
      "instances": [
        {
          "index_key": 0,
          "schema_version": 0,
          "attributes": {
            "cas": 0,
            "custom_metadata": [
              {
                "cas_required": false,
                "data": {},
                "delete_version_after": 0,
                "max_versions": 0
              }
            ],
            "data": {
              "password": "Hello World",
              "teste": "teste",
              "teste_2": "1234",
              "url": "https://app_1-hml.com.br"
            },
            "data_json": "{}",
            "delete_all_versions": true,
            "disable_read": false,
            "id": "ruby_1/data/hml",
            "metadata": {
              "created_time": "2023-09-29T12:59:17.579020108Z",
              "custom_metadata": "null",
              "deletion_time": "",
              "destroyed": "false",
              "version": "2"
            },
            "mount": "ruby_1",
            "name": "hml",
            "namespace": null,
            "options": null,
            "path": "ruby_1/data/hml"
          },
          "sensitive_attributes": [],
          "private": "bnVsbA==",
          "dependencies": [
            "vault_mount.kv-apps"
          ]
        },
        {
          "index_key": 1,
          "schema_version": 0,
          "attributes": {
            "cas": 0,
            "custom_metadata": [
              {
                "cas_required": false,
                "data": {},
                "delete_version_after": 0,
                "max_versions": 0
              }
            ],
            "data": {
              "password": "Hello World",
              "teste": "teste",
              "teste_2": "1234",
              "url": "https://app_2-hml.com.br"
            },
            "data_json": "{}",
            "delete_all_versions": true,
            "disable_read": false,
            "id": "ruby_2/data/hml",
            "metadata": {
              "created_time": "2023-09-29T12:59:17.355711869Z",
              "custom_metadata": "null",
              "deletion_time": "",
              "destroyed": "false",
              "version": "2"
            },
            "mount": "ruby_2",
            "name": "hml",
            "namespace": null,
            "options": null,
            "path": "ruby_2/data/hml"
          },
          "sensitive_attributes": [],
          "private": "bnVsbA==",
          "dependencies": [
            "vault_mount.kv-apps"
          ]
        },
        {
          "index_key": 2,
          "schema_version": 0,
          "attributes": {
            "cas": 0,
            "custom_metadata": [
              {
                "cas_required": false,
                "data": {},
                "delete_version_after": 0,
                "max_versions": 0
              }
            ],
            "data": {},
            "data_json": "{}",
            "delete_all_versions": true,
            "disable_read": false,
            "id": "ruby_3/data/hml",
            "metadata": {
              "created_time": "2023-09-29T12:00:06.167447013Z",
              "custom_metadata": "null",
              "deletion_time": "",
              "destroyed": "false",
              "version": "1"
            },
            "mount": "ruby_3",
            "name": "hml",
            "namespace": null,
            "options": null,
            "path": "ruby_3/data/hml"
          },
          "sensitive_attributes": [],
          "private": "bnVsbA==",
          "dependencies": [
            "vault_mount.kv-apps"
          ]
        },
        {
          "index_key": 3,
          "schema_version": 0,
          "attributes": {
            "cas": 0,
            "custom_metadata": [
              {
                "cas_required": false,
                "data": {},
                "delete_version_after": 0,
                "max_versions": 0
              }
            ],
            "data": {},
            "data_json": "{}",
            "delete_all_versions": true,
            "disable_read": false,
            "id": "ruby_4/data/hml",
            "metadata": {
              "created_time": "2023-09-29T12:00:06.115842385Z",
              "custom_metadata": "null",
              "deletion_time": "",
              "destroyed": "false",
              "version": "1"
            },
            "mount": "ruby_4",
            "name": "hml",
            "namespace": null,
            "options": null,
            "path": "ruby_4/data/hml"
          },
          "sensitive_attributes": [],
          "private": "bnVsbA==",
          "dependencies": [
            "vault_mount.kv-apps"
          ]
        },
        {
          "index_key": 4,
          "schema_version": 0,
          "attributes": {
            "cas": 0,
            "custom_metadata": [
              {
                "cas_required": false,
                "data": {},
                "delete_version_after": 0,
                "max_versions": 0
              }
            ],
            "data": {
              "password": "Hello World",
              "teste": "teste",
              "teste_2": "1234",
              "url": "https://app_1-hml.com.br"
            },
            "data_json": "{}",
            "delete_all_versions": true,
            "disable_read": false,
            "id": "java_1/data/hml",
            "metadata": {
              "created_time": "2023-09-29T12:47:14.202697641Z",
              "custom_metadata": "null",
              "deletion_time": "",
              "destroyed": "false",
              "version": "3"
            },
            "mount": "java_1",
            "name": "hml",
            "namespace": null,
            "options": null,
            "path": "java_1/data/hml"
          },
          "sensitive_attributes": [],
          "private": "bnVsbA==",
          "dependencies": [
            "vault_mount.kv-apps"
          ]
        },
        {
          "index_key": 5,
          "schema_version": 0,
          "attributes": {
            "cas": 0,
            "custom_metadata": [
              {
                "cas_required": false,
                "data": {},
                "delete_version_after": 0,
                "max_versions": 0
              }
            ],
            "data": {
              "password": "Hello World",
              "teste": "teste",
              "teste_2": "1234",
              "url": "https://app_2-hml.com.br"
            },
            "data_json": "{}",
            "delete_all_versions": true,
            "disable_read": false,
            "id": "java_2/data/hml",
            "metadata": {
              "created_time": "2023-09-29T12:47:14.204558348Z",
              "custom_metadata": "null",
              "deletion_time": "",
              "destroyed": "false",
              "version": "3"
            },
            "mount": "java_2",
            "name": "hml",
            "namespace": null,
            "options": null,
            "path": "java_2/data/hml"
          },
          "sensitive_attributes": [],
          "private": "bnVsbA==",
          "dependencies": [
            "vault_mount.kv-apps"
          ]
        },
        {
          "index_key": 6,
          "schema_version": 0,
          "attributes": {
            "cas": 0,
            "custom_metadata": [
              {
                "cas_required": false,
                "data": {},
                "delete_version_after": 0,
                "max_versions": 0
              }
            ],
            "data": {},
            "data_json": "{}",
            "delete_all_versions": true,
            "disable_read": false,
            "id": "java_3/data/hml",
            "metadata": {
              "created_time": "2023-09-29T12:00:06.01445745Z",
              "custom_metadata": "null",
              "deletion_time": "",
              "destroyed": "false",
              "version": "1"
            },
            "mount": "java_3",
            "name": "hml",
            "namespace": null,
            "options": null,
            "path": "java_3/data/hml"
          },
          "sensitive_attributes": [],
          "private": "bnVsbA==",
          "dependencies": [
            "vault_mount.kv-apps"
          ]
        },
        {
          "index_key": 7,
          "schema_version": 0,
          "attributes": {
            "cas": 0,
            "custom_metadata": [
              {
                "cas_required": false,
                "data": {},
                "delete_version_after": 0,
                "max_versions": 0
              }
            ],
            "data": {},
            "data_json": "{}",
            "delete_all_versions": true,
            "disable_read": false,
            "id": "java_4/data/hml",
            "metadata": {
              "created_time": "2023-09-29T12:00:05.950839055Z",
              "custom_metadata": "null",
              "deletion_time": "",
              "destroyed": "false",
              "version": "1"
            },
            "mount": "java_4",
            "name": "hml",
            "namespace": null,
            "options": null,
            "path": "java_4/data/hml"
          },
          "sensitive_attributes": [],
          "private": "bnVsbA==",
          "dependencies": [
            "vault_mount.kv-apps"
          ]
        },
        {
          "index_key": 8,
          "schema_version": 0,
          "attributes": {
            "cas": 0,
            "custom_metadata": [
              {
                "cas_required": false,
                "data": {},
                "delete_version_after": 0,
                "max_versions": 0
              }
            ],
            "data": {},
            "data_json": "{}",
            "delete_all_versions": true,
            "disable_read": false,
            "id": "java_5/data/hml",
            "metadata": {
              "created_time": "2023-09-29T12:00:05.992145518Z",
              "custom_metadata": "null",
              "deletion_time": "",
              "destroyed": "false",
              "version": "1"
            },
            "mount": "java_5",
            "name": "hml",
            "namespace": null,
            "options": null,
            "path": "java_5/data/hml"
          },
          "sensitive_attributes": [],
          "private": "bnVsbA==",
          "dependencies": [
            "vault_mount.kv-apps"
          ]
        },
        {
          "index_key": 9,
          "schema_version": 0,
          "attributes": {
            "cas": 0,
            "custom_metadata": [
              {
                "cas_required": false,
                "data": {},
                "delete_version_after": 0,
                "max_versions": 0
              }
            ],
            "data": {
              "password": "Hello World",
              "teste": "teste",
              "teste_2": "1234",
              "url": "https://app_1-hml.com.br"
            },
            "data_json": "{}",
            "delete_all_versions": true,
            "disable_read": false,
            "id": "angular_1/data/hml",
            "metadata": {
              "created_time": "2023-09-29T12:59:17.576807498Z",
              "custom_metadata": "null",
              "deletion_time": "",
              "destroyed": "false",
              "version": "2"
            },
            "mount": "angular_1",
            "name": "hml",
            "namespace": null,
            "options": null,
            "path": "angular_1/data/hml"
          },
          "sensitive_attributes": [],
          "private": "bnVsbA==",
          "dependencies": [
            "vault_mount.kv-apps"
          ]
        },
        {
          "index_key": 10,
          "schema_version": 0,
          "attributes": {
            "cas": 0,
            "custom_metadata": [
              {
                "cas_required": false,
                "data": {},
                "delete_version_after": 0,
                "max_versions": 0
              }
            ],
            "data": {
              "password": "Hello World",
              "teste": "teste",
              "teste_2": "1234",
              "url": "https://app_2-hml.com.br"
            },
            "data_json": "{}",
            "delete_all_versions": true,
            "disable_read": false,
            "id": "angular_2/data/hml",
            "metadata": {
              "created_time": "2023-09-29T12:59:17.36268126Z",
              "custom_metadata": "null",
              "deletion_time": "",
              "destroyed": "false",
              "version": "2"
            },
            "mount": "angular_2",
            "name": "hml",
            "namespace": null,
            "options": null,
            "path": "angular_2/data/hml"
          },
          "sensitive_attributes": [],
          "private": "bnVsbA==",
          "dependencies": [
            "vault_mount.kv-apps"
          ]
        },
        {
          "index_key": 11,
          "schema_version": 0,
          "attributes": {
            "cas": 0,
            "custom_metadata": [
              {
                "cas_required": false,
                "data": {},
                "delete_version_after": 0,
                "max_versions": 0
              }
            ],
            "data": {},
            "data_json": "{}",
            "delete_all_versions": true,
            "disable_read": false,
            "id": "angular_3/data/hml",
            "metadata": {
              "created_time": "2023-09-29T12:00:05.603652521Z",
              "custom_metadata": "null",
              "deletion_time": "",
              "destroyed": "false",
              "version": "1"
            },
            "mount": "angular_3",
            "name": "hml",
            "namespace": null,
            "options": null,
            "path": "angular_3/data/hml"
          },
          "sensitive_attributes": [],
          "private": "bnVsbA==",
          "dependencies": [
            "vault_mount.kv-apps"
          ]
        },
        {
          "index_key": 12,
          "schema_version": 0,
          "attributes": {
            "cas": 0,
            "custom_metadata": [
              {
                "cas_required": false,
                "data": {},
                "delete_version_after": 0,
                "max_versions": 0
              }
            ],
            "data": {},
            "data_json": "{}",
            "delete_all_versions": true,
            "disable_read": false,
            "id": "angular_4/data/hml",
            "metadata": {
              "created_time": "2023-09-29T12:00:06.039683907Z",
              "custom_metadata": "null",
              "deletion_time": "",
              "destroyed": "false",
              "version": "1"
            },
            "mount": "angular_4",
            "name": "hml",
            "namespace": null,
            "options": null,
            "path": "angular_4/data/hml"
          },
          "sensitive_attributes": [],
          "private": "bnVsbA==",
          "dependencies": [
            "vault_mount.kv-apps"
          ]
        },
        {
          "index_key": 13,
          "schema_version": 0,
          "attributes": {
            "cas": 0,
            "custom_metadata": [
              {
                "cas_required": false,
                "data": {},
                "delete_version_after": 0,
                "max_versions": 0
              }
            ],
            "data": {},
            "data_json": "{}",
            "delete_all_versions": true,
            "disable_read": false,
            "id": "angular_5/data/hml",
            "metadata": {
              "created_time": "2023-09-29T12:00:05.990303118Z",
              "custom_metadata": "null",
              "deletion_time": "",
              "destroyed": "false",
              "version": "1"
            },
            "mount": "angular_5",
            "name": "hml",
            "namespace": null,
            "options": null,
            "path": "angular_5/data/hml"
          },
          "sensitive_attributes": [],
          "private": "bnVsbA==",
          "dependencies": [
            "vault_mount.kv-apps"
          ]
        },
        {
          "index_key": 14,
          "schema_version": 0,
          "attributes": {
            "cas": 0,
            "custom_metadata": [
              {
                "cas_required": false,
                "data": {},
                "delete_version_after": 0,
                "max_versions": 0
              }
            ],
            "data": {},
            "data_json": "{}",
            "delete_all_versions": true,
            "disable_read": false,
            "id": "angular_6/data/hml",
            "metadata": {
              "created_time": "2023-09-29T12:00:06.063660649Z",
              "custom_metadata": "null",
              "deletion_time": "",
              "destroyed": "false",
              "version": "1"
            },
            "mount": "angular_6",
            "name": "hml",
            "namespace": null,
            "options": null,
            "path": "angular_6/data/hml"
          },
          "sensitive_attributes": [],
          "private": "bnVsbA==",
          "dependencies": [
            "vault_mount.kv-apps"
          ]
        }
      ]
    },
    {
      "mode": "managed",
      "type": "vault_kv_secret_v2",
      "name": "apps_sus",
      "provider": "provider[\"registry.terraform.io/hashicorp/vault\"]",
      "instances": [
        {
          "index_key": 0,
          "schema_version": 0,
          "attributes": {
            "cas": 0,
            "custom_metadata": [
              {
                "cas_required": false,
                "data": {},
                "delete_version_after": 0,
                "max_versions": 0
              }
            ],
            "data": {
              "password": "Hello World",
              "teste": "teste",
              "teste_2": "1234",
              "url": "https://ruby_1-sus.com.br"
            },
            "data_json": "{}",
            "delete_all_versions": true,
            "disable_read": false,
            "id": "ruby_1/data/sus",
            "metadata": {
              "created_time": "2023-09-29T12:59:17.347882524Z",
              "custom_metadata": "null",
              "deletion_time": "",
              "destroyed": "false",
              "version": "2"
            },
            "mount": "ruby_1",
            "name": "sus",
            "namespace": null,
            "options": null,
            "path": "ruby_1/data/sus"
          },
          "sensitive_attributes": [],
          "private": "bnVsbA==",
          "dependencies": [
            "vault_mount.kv-apps"
          ]
        },
        {
          "index_key": 1,
          "schema_version": 0,
          "attributes": {
            "cas": 0,
            "custom_metadata": [
              {
                "cas_required": false,
                "data": {},
                "delete_version_after": 0,
                "max_versions": 0
              }
            ],
            "data": {
              "password": "Hello World",
              "teste": "teste",
              "teste_2": "1234",
              "url": "https://ruby_2-sus.com.br"
            },
            "data_json": "{}",
            "delete_all_versions": true,
            "disable_read": false,
            "id": "ruby_2/data/sus",
            "metadata": {
              "created_time": "2023-09-29T12:59:17.363526634Z",
              "custom_metadata": "null",
              "deletion_time": "",
              "destroyed": "false",
              "version": "2"
            },
            "mount": "ruby_2",
            "name": "sus",
            "namespace": null,
            "options": null,
            "path": "ruby_2/data/sus"
          },
          "sensitive_attributes": [],
          "private": "bnVsbA==",
          "dependencies": [
            "vault_mount.kv-apps"
          ]
        },
        {
          "index_key": 2,
          "schema_version": 0,
          "attributes": {
            "cas": 0,
            "custom_metadata": [
              {
                "cas_required": false,
                "data": {},
                "delete_version_after": 0,
                "max_versions": 0
              }
            ],
            "data": {},
            "data_json": "{}",
            "delete_all_versions": true,
            "disable_read": false,
            "id": "ruby_3/data/sus",
            "metadata": {
              "created_time": "2023-09-29T12:00:06.476340253Z",
              "custom_metadata": "null",
              "deletion_time": "",
              "destroyed": "false",
              "version": "1"
            },
            "mount": "ruby_3",
            "name": "sus",
            "namespace": null,
            "options": null,
            "path": "ruby_3/data/sus"
          },
          "sensitive_attributes": [],
          "private": "bnVsbA==",
          "dependencies": [
            "vault_mount.kv-apps"
          ]
        },
        {
          "index_key": 3,
          "schema_version": 0,
          "attributes": {
            "cas": 0,
            "custom_metadata": [
              {
                "cas_required": false,
                "data": {},
                "delete_version_after": 0,
                "max_versions": 0
              }
            ],
            "data": {},
            "data_json": "{}",
            "delete_all_versions": true,
            "disable_read": false,
            "id": "ruby_4/data/sus",
            "metadata": {
              "created_time": "2023-09-29T12:00:06.262169565Z",
              "custom_metadata": "null",
              "deletion_time": "",
              "destroyed": "false",
              "version": "1"
            },
            "mount": "ruby_4",
            "name": "sus",
            "namespace": null,
            "options": null,
            "path": "ruby_4/data/sus"
          },
          "sensitive_attributes": [],
          "private": "bnVsbA==",
          "dependencies": [
            "vault_mount.kv-apps"
          ]
        },
        {
          "index_key": 4,
          "schema_version": 0,
          "attributes": {
            "cas": 0,
            "custom_metadata": [
              {
                "cas_required": false,
                "data": {},
                "delete_version_after": 0,
                "max_versions": 0
              }
            ],
            "data": {
              "password": "Hello World",
              "teste": "teste",
              "teste_2": "1234",
              "url": "https://java_1-sus.com.br"
            },
            "data_json": "{}",
            "delete_all_versions": true,
            "disable_read": false,
            "id": "java_1/data/sus",
            "metadata": {
              "created_time": "2023-09-29T12:47:14.214886383Z",
              "custom_metadata": "null",
              "deletion_time": "",
              "destroyed": "false",
              "version": "3"
            },
            "mount": "java_1",
            "name": "sus",
            "namespace": null,
            "options": null,
            "path": "java_1/data/sus"
          },
          "sensitive_attributes": [],
          "private": "bnVsbA==",
          "dependencies": [
            "vault_mount.kv-apps"
          ]
        },
        {
          "index_key": 5,
          "schema_version": 0,
          "attributes": {
            "cas": 0,
            "custom_metadata": [
              {
                "cas_required": false,
                "data": {},
                "delete_version_after": 0,
                "max_versions": 0
              }
            ],
            "data": {
              "password": "Hello World",
              "teste": "teste",
              "teste_2": "1234",
              "url": "https://java_2-sus.com.br"
            },
            "data_json": "{}",
            "delete_all_versions": true,
            "disable_read": false,
            "id": "java_2/data/sus",
            "metadata": {
              "created_time": "2023-09-29T12:47:14.20579948Z",
              "custom_metadata": "null",
              "deletion_time": "",
              "destroyed": "false",
              "version": "3"
            },
            "mount": "java_2",
            "name": "sus",
            "namespace": null,
            "options": null,
            "path": "java_2/data/sus"
          },
          "sensitive_attributes": [],
          "private": "bnVsbA==",
          "dependencies": [
            "vault_mount.kv-apps"
          ]
        },
        {
          "index_key": 6,
          "schema_version": 0,
          "attributes": {
            "cas": 0,
            "custom_metadata": [
              {
                "cas_required": false,
                "data": {},
                "delete_version_after": 0,
                "max_versions": 0
              }
            ],
            "data": {},
            "data_json": "{}",
            "delete_all_versions": true,
            "disable_read": false,
            "id": "java_3/data/sus",
            "metadata": {
              "created_time": "2023-09-29T12:00:06.296523117Z",
              "custom_metadata": "null",
              "deletion_time": "",
              "destroyed": "false",
              "version": "1"
            },
            "mount": "java_3",
            "name": "sus",
            "namespace": null,
            "options": null,
            "path": "java_3/data/sus"
          },
          "sensitive_attributes": [],
          "private": "bnVsbA==",
          "dependencies": [
            "vault_mount.kv-apps"
          ]
        },
        {
          "index_key": 7,
          "schema_version": 0,
          "attributes": {
            "cas": 0,
            "custom_metadata": [
              {
                "cas_required": false,
                "data": {},
                "delete_version_after": 0,
                "max_versions": 0
              }
            ],
            "data": {},
            "data_json": "{}",
            "delete_all_versions": true,
            "disable_read": false,
            "id": "java_4/data/sus",
            "metadata": {
              "created_time": "2023-09-29T12:00:06.320040593Z",
              "custom_metadata": "null",
              "deletion_time": "",
              "destroyed": "false",
              "version": "1"
            },
            "mount": "java_4",
            "name": "sus",
            "namespace": null,
            "options": null,
            "path": "java_4/data/sus"
          },
          "sensitive_attributes": [],
          "private": "bnVsbA==",
          "dependencies": [
            "vault_mount.kv-apps"
          ]
        },
        {
          "index_key": 8,
          "schema_version": 0,
          "attributes": {
            "cas": 0,
            "custom_metadata": [
              {
                "cas_required": false,
                "data": {},
                "delete_version_after": 0,
                "max_versions": 0
              }
            ],
            "data": {},
            "data_json": "{}",
            "delete_all_versions": true,
            "disable_read": false,
            "id": "java_5/data/sus",
            "metadata": {
              "created_time": "2023-09-29T12:00:06.194179713Z",
              "custom_metadata": "null",
              "deletion_time": "",
              "destroyed": "false",
              "version": "1"
            },
            "mount": "java_5",
            "name": "sus",
            "namespace": null,
            "options": null,
            "path": "java_5/data/sus"
          },
          "sensitive_attributes": [],
          "private": "bnVsbA==",
          "dependencies": [
            "vault_mount.kv-apps"
          ]
        },
        {
          "index_key": 9,
          "schema_version": 0,
          "attributes": {
            "cas": 0,
            "custom_metadata": [
              {
                "cas_required": false,
                "data": {},
                "delete_version_after": 0,
                "max_versions": 0
              }
            ],
            "data": {
              "password": "Hello World",
              "teste": "teste",
              "teste_2": "1234",
              "url": "https://angular_1-sus.com.br"
            },
            "data_json": "{}",
            "delete_all_versions": true,
            "disable_read": false,
            "id": "angular_1/data/sus",
            "metadata": {
              "created_time": "2023-09-29T12:59:17.353138257Z",
              "custom_metadata": "null",
              "deletion_time": "",
              "destroyed": "false",
              "version": "2"
            },
            "mount": "angular_1",
            "name": "sus",
            "namespace": null,
            "options": null,
            "path": "angular_1/data/sus"
          },
          "sensitive_attributes": [],
          "private": "bnVsbA==",
          "dependencies": [
            "vault_mount.kv-apps"
          ]
        },
        {
          "index_key": 10,
          "schema_version": 0,
          "attributes": {
            "cas": 0,
            "custom_metadata": [
              {
                "cas_required": false,
                "data": {},
                "delete_version_after": 0,
                "max_versions": 0
              }
            ],
            "data": {
              "password": "Hello World",
              "teste": "teste",
              "teste_2": "1234",
              "url": "https://angular_2-sus.com.br"
            },
            "data_json": "{}",
            "delete_all_versions": true,
            "disable_read": false,
            "id": "angular_2/data/sus",
            "metadata": {
              "created_time": "2023-09-29T12:59:17.377224381Z",
              "custom_metadata": "null",
              "deletion_time": "",
              "destroyed": "false",
              "version": "2"
            },
            "mount": "angular_2",
            "name": "sus",
            "namespace": null,
            "options": null,
            "path": "angular_2/data/sus"
          },
          "sensitive_attributes": [],
          "private": "bnVsbA==",
          "dependencies": [
            "vault_mount.kv-apps"
          ]
        },
        {
          "index_key": 11,
          "schema_version": 0,
          "attributes": {
            "cas": 0,
            "custom_metadata": [
              {
                "cas_required": false,
                "data": {},
                "delete_version_after": 0,
                "max_versions": 0
              }
            ],
            "data": {},
            "data_json": "{}",
            "delete_all_versions": true,
            "disable_read": false,
            "id": "angular_3/data/sus",
            "metadata": {
              "created_time": "2023-09-29T12:00:05.60342544Z",
              "custom_metadata": "null",
              "deletion_time": "",
              "destroyed": "false",
              "version": "1"
            },
            "mount": "angular_3",
            "name": "sus",
            "namespace": null,
            "options": null,
            "path": "angular_3/data/sus"
          },
          "sensitive_attributes": [],
          "private": "bnVsbA==",
          "dependencies": [
            "vault_mount.kv-apps"
          ]
        },
        {
          "index_key": 12,
          "schema_version": 0,
          "attributes": {
            "cas": 0,
            "custom_metadata": [
              {
                "cas_required": false,
                "data": {},
                "delete_version_after": 0,
                "max_versions": 0
              }
            ],
            "data": {},
            "data_json": "{}",
            "delete_all_versions": true,
            "disable_read": false,
            "id": "angular_4/data/sus",
            "metadata": {
              "created_time": "2023-09-29T12:00:06.375300345Z",
              "custom_metadata": "null",
              "deletion_time": "",
              "destroyed": "false",
              "version": "1"
            },
            "mount": "angular_4",
            "name": "sus",
            "namespace": null,
            "options": null,
            "path": "angular_4/data/sus"
          },
          "sensitive_attributes": [],
          "private": "bnVsbA==",
          "dependencies": [
            "vault_mount.kv-apps"
          ]
        },
        {
          "index_key": 13,
          "schema_version": 0,
          "attributes": {
            "cas": 0,
            "custom_metadata": [
              {
                "cas_required": false,
                "data": {},
                "delete_version_after": 0,
                "max_versions": 0
              }
            ],
            "data": {},
            "data_json": "{}",
            "delete_all_versions": true,
            "disable_read": false,
            "id": "angular_5/data/sus",
            "metadata": {
              "created_time": "2023-09-29T12:00:06.422949301Z",
              "custom_metadata": "null",
              "deletion_time": "",
              "destroyed": "false",
              "version": "1"
            },
            "mount": "angular_5",
            "name": "sus",
            "namespace": null,
            "options": null,
            "path": "angular_5/data/sus"
          },
          "sensitive_attributes": [],
          "private": "bnVsbA==",
          "dependencies": [
            "vault_mount.kv-apps"
          ]
        },
        {
          "index_key": 14,
          "schema_version": 0,
          "attributes": {
            "cas": 0,
            "custom_metadata": [
              {
                "cas_required": false,
                "data": {},
                "delete_version_after": 0,
                "max_versions": 0
              }
            ],
            "data": {},
            "data_json": "{}",
            "delete_all_versions": true,
            "disable_read": false,
            "id": "angular_6/data/sus",
            "metadata": {
              "created_time": "2023-09-29T12:00:06.355551332Z",
              "custom_metadata": "null",
              "deletion_time": "",
              "destroyed": "false",
              "version": "1"
            },
            "mount": "angular_6",
            "name": "sus",
            "namespace": null,
            "options": null,
            "path": "angular_6/data/sus"
          },
          "sensitive_attributes": [],
          "private": "bnVsbA==",
          "dependencies": [
            "vault_mount.kv-apps"
          ]
        }
      ]
    },
    {
      "mode": "managed",
      "type": "vault_kv_secret_v2",
      "name": "apps_tst",
      "provider": "provider[\"registry.terraform.io/hashicorp/vault\"]",
      "instances": [
        {
          "index_key": 0,
          "schema_version": 0,
          "attributes": {
            "cas": 0,
            "custom_metadata": [
              {
                "cas_required": false,
                "data": {},
                "delete_version_after": 0,
                "max_versions": 0
              }
            ],
            "data": {
              "password": "Hello World",
              "teste": "teste",
              "teste_2": "1234",
              "url": "https://ruby_1-tst.com.br"
            },
            "data_json": "{}",
            "delete_all_versions": true,
            "disable_read": false,
            "id": "ruby_1/data/tst",
            "metadata": {
              "created_time": "2023-09-29T12:59:17.627371917Z",
              "custom_metadata": "null",
              "deletion_time": "",
              "destroyed": "false",
              "version": "2"
            },
            "mount": "ruby_1",
            "name": "tst",
            "namespace": null,
            "options": null,
            "path": "ruby_1/data/tst"
          },
          "sensitive_attributes": [],
          "private": "bnVsbA==",
          "dependencies": [
            "vault_mount.kv-apps"
          ]
        },
        {
          "index_key": 1,
          "schema_version": 0,
          "attributes": {
            "cas": 0,
            "custom_metadata": [
              {
                "cas_required": false,
                "data": {},
                "delete_version_after": 0,
                "max_versions": 0
              }
            ],
            "data": {
              "password": "Hello World",
              "teste": "teste",
              "teste_2": "1234",
              "url": "https://ruby_2-tst.com.br"
            },
            "data_json": "{}",
            "delete_all_versions": true,
            "disable_read": false,
            "id": "ruby_2/data/tst",
            "metadata": {
              "created_time": "2023-09-29T12:59:17.358975331Z",
              "custom_metadata": "null",
              "deletion_time": "",
              "destroyed": "false",
              "version": "2"
            },
            "mount": "ruby_2",
            "name": "tst",
            "namespace": null,
            "options": null,
            "path": "ruby_2/data/tst"
          },
          "sensitive_attributes": [],
          "private": "bnVsbA==",
          "dependencies": [
            "vault_mount.kv-apps"
          ]
        },
        {
          "index_key": 2,
          "schema_version": 0,
          "attributes": {
            "cas": 0,
            "custom_metadata": [
              {
                "cas_required": false,
                "data": {},
                "delete_version_after": 0,
                "max_versions": 0
              }
            ],
            "data": {},
            "data_json": "{}",
            "delete_all_versions": true,
            "disable_read": false,
            "id": "ruby_3/data/tst",
            "metadata": {
              "created_time": "2023-09-29T12:00:05.904324908Z",
              "custom_metadata": "null",
              "deletion_time": "",
              "destroyed": "false",
              "version": "1"
            },
            "mount": "ruby_3",
            "name": "tst",
            "namespace": null,
            "options": null,
            "path": "ruby_3/data/tst"
          },
          "sensitive_attributes": [],
          "private": "bnVsbA==",
          "dependencies": [
            "vault_mount.kv-apps"
          ]
        },
        {
          "index_key": 3,
          "schema_version": 0,
          "attributes": {
            "cas": 0,
            "custom_metadata": [
              {
                "cas_required": false,
                "data": {},
                "delete_version_after": 0,
                "max_versions": 0
              }
            ],
            "data": {},
            "data_json": "{}",
            "delete_all_versions": true,
            "disable_read": false,
            "id": "ruby_4/data/tst",
            "metadata": {
              "created_time": "2023-09-29T12:00:05.801636506Z",
              "custom_metadata": "null",
              "deletion_time": "",
              "destroyed": "false",
              "version": "1"
            },
            "mount": "ruby_4",
            "name": "tst",
            "namespace": null,
            "options": null,
            "path": "ruby_4/data/tst"
          },
          "sensitive_attributes": [],
          "private": "bnVsbA==",
          "dependencies": [
            "vault_mount.kv-apps"
          ]
        },
        {
          "index_key": 4,
          "schema_version": 0,
          "attributes": {
            "cas": 0,
            "custom_metadata": [
              {
                "cas_required": false,
                "data": {},
                "delete_version_after": 0,
                "max_versions": 0
              }
            ],
            "data": {
              "password": "Hello World",
              "teste": "teste",
              "teste_2": "1234",
              "url": "https://java_1-tst.com.br"
            },
            "data_json": "{}",
            "delete_all_versions": true,
            "disable_read": false,
            "id": "java_1/data/tst",
            "metadata": {
              "created_time": "2023-09-29T12:47:14.200032979Z",
              "custom_metadata": "null",
              "deletion_time": "",
              "destroyed": "false",
              "version": "3"
            },
            "mount": "java_1",
            "name": "tst",
            "namespace": null,
            "options": null,
            "path": "java_1/data/tst"
          },
          "sensitive_attributes": [],
          "private": "bnVsbA==",
          "dependencies": [
            "vault_mount.kv-apps"
          ]
        },
        {
          "index_key": 5,
          "schema_version": 0,
          "attributes": {
            "cas": 0,
            "custom_metadata": [
              {
                "cas_required": false,
                "data": {},
                "delete_version_after": 0,
                "max_versions": 0
              }
            ],
            "data": {
              "password": "Hello World",
              "teste": "teste",
              "teste_2": "1234",
              "url": "https://java_2-tst.com.br"
            },
            "data_json": "{}",
            "delete_all_versions": true,
            "disable_read": false,
            "id": "java_2/data/tst",
            "metadata": {
              "created_time": "2023-09-29T12:47:14.198593999Z",
              "custom_metadata": "null",
              "deletion_time": "",
              "destroyed": "false",
              "version": "3"
            },
            "mount": "java_2",
            "name": "tst",
            "namespace": null,
            "options": null,
            "path": "java_2/data/tst"
          },
          "sensitive_attributes": [],
          "private": "bnVsbA==",
          "dependencies": [
            "vault_mount.kv-apps"
          ]
        },
        {
          "index_key": 6,
          "schema_version": 0,
          "attributes": {
            "cas": 0,
            "custom_metadata": [
              {
                "cas_required": false,
                "data": {},
                "delete_version_after": 0,
                "max_versions": 0
              }
            ],
            "data": {},
            "data_json": "{}",
            "delete_all_versions": true,
            "disable_read": false,
            "id": "java_3/data/tst",
            "metadata": {
              "created_time": "2023-09-29T12:00:05.874183284Z",
              "custom_metadata": "null",
              "deletion_time": "",
              "destroyed": "false",
              "version": "1"
            },
            "mount": "java_3",
            "name": "tst",
            "namespace": null,
            "options": null,
            "path": "java_3/data/tst"
          },
          "sensitive_attributes": [],
          "private": "bnVsbA==",
          "dependencies": [
            "vault_mount.kv-apps"
          ]
        },
        {
          "index_key": 7,
          "schema_version": 0,
          "attributes": {
            "cas": 0,
            "custom_metadata": [
              {
                "cas_required": false,
                "data": {},
                "delete_version_after": 0,
                "max_versions": 0
              }
            ],
            "data": {},
            "data_json": "{}",
            "delete_all_versions": true,
            "disable_read": false,
            "id": "java_4/data/tst",
            "metadata": {
              "created_time": "2023-09-29T12:00:05.618694897Z",
              "custom_metadata": "null",
              "deletion_time": "",
              "destroyed": "false",
              "version": "1"
            },
            "mount": "java_4",
            "name": "tst",
            "namespace": null,
            "options": null,
            "path": "java_4/data/tst"
          },
          "sensitive_attributes": [],
          "private": "bnVsbA==",
          "dependencies": [
            "vault_mount.kv-apps"
          ]
        },
        {
          "index_key": 8,
          "schema_version": 0,
          "attributes": {
            "cas": 0,
            "custom_metadata": [
              {
                "cas_required": false,
                "data": {},
                "delete_version_after": 0,
                "max_versions": 0
              }
            ],
            "data": {},
            "data_json": "{}",
            "delete_all_versions": true,
            "disable_read": false,
            "id": "java_5/data/tst",
            "metadata": {
              "created_time": "2023-09-29T12:00:05.925541252Z",
              "custom_metadata": "null",
              "deletion_time": "",
              "destroyed": "false",
              "version": "1"
            },
            "mount": "java_5",
            "name": "tst",
            "namespace": null,
            "options": null,
            "path": "java_5/data/tst"
          },
          "sensitive_attributes": [],
          "private": "bnVsbA==",
          "dependencies": [
            "vault_mount.kv-apps"
          ]
        },
        {
          "index_key": 9,
          "schema_version": 0,
          "attributes": {
            "cas": 0,
            "custom_metadata": [
              {
                "cas_required": false,
                "data": {},
                "delete_version_after": 0,
                "max_versions": 0
              }
            ],
            "data": {
              "password": "Hello World",
              "teste": "teste",
              "teste_2": "1234",
              "url": "https://angular_1-tst.com.br"
            },
            "data_json": "{}",
            "delete_all_versions": true,
            "disable_read": false,
            "id": "angular_1/data/tst",
            "metadata": {
              "created_time": "2023-09-29T12:59:17.528006102Z",
              "custom_metadata": "null",
              "deletion_time": "",
              "destroyed": "false",
              "version": "2"
            },
            "mount": "angular_1",
            "name": "tst",
            "namespace": null,
            "options": null,
            "path": "angular_1/data/tst"
          },
          "sensitive_attributes": [],
          "private": "bnVsbA==",
          "dependencies": [
            "vault_mount.kv-apps"
          ]
        },
        {
          "index_key": 10,
          "schema_version": 0,
          "attributes": {
            "cas": 0,
            "custom_metadata": [
              {
                "cas_required": false,
                "data": {},
                "delete_version_after": 0,
                "max_versions": 0
              }
            ],
            "data": {
              "password": "Hello World",
              "teste": "teste",
              "teste_2": "1234",
              "url": "https://angular_2-tst.com.br"
            },
            "data_json": "{}",
            "delete_all_versions": true,
            "disable_read": false,
            "id": "angular_2/data/tst",
            "metadata": {
              "created_time": "2023-09-29T12:59:17.373028868Z",
              "custom_metadata": "null",
              "deletion_time": "",
              "destroyed": "false",
              "version": "2"
            },
            "mount": "angular_2",
            "name": "tst",
            "namespace": null,
            "options": null,
            "path": "angular_2/data/tst"
          },
          "sensitive_attributes": [],
          "private": "bnVsbA==",
          "dependencies": [
            "vault_mount.kv-apps"
          ]
        },
        {
          "index_key": 11,
          "schema_version": 0,
          "attributes": {
            "cas": 0,
            "custom_metadata": [
              {
                "cas_required": false,
                "data": {},
                "delete_version_after": 0,
                "max_versions": 0
              }
            ],
            "data": {},
            "data_json": "{}",
            "delete_all_versions": true,
            "disable_read": false,
            "id": "angular_3/data/tst",
            "metadata": {
              "created_time": "2023-09-29T12:00:05.899205786Z",
              "custom_metadata": "null",
              "deletion_time": "",
              "destroyed": "false",
              "version": "1"
            },
            "mount": "angular_3",
            "name": "tst",
            "namespace": null,
            "options": null,
            "path": "angular_3/data/tst"
          },
          "sensitive_attributes": [],
          "private": "bnVsbA==",
          "dependencies": [
            "vault_mount.kv-apps"
          ]
        },
        {
          "index_key": 12,
          "schema_version": 0,
          "attributes": {
            "cas": 0,
            "custom_metadata": [
              {
                "cas_required": false,
                "data": {},
                "delete_version_after": 0,
                "max_versions": 0
              }
            ],
            "data": {},
            "data_json": "{}",
            "delete_all_versions": true,
            "disable_read": false,
            "id": "angular_4/data/tst",
            "metadata": {
              "created_time": "2023-09-29T12:00:05.932527692Z",
              "custom_metadata": "null",
              "deletion_time": "",
              "destroyed": "false",
              "version": "1"
            },
            "mount": "angular_4",
            "name": "tst",
            "namespace": null,
            "options": null,
            "path": "angular_4/data/tst"
          },
          "sensitive_attributes": [],
          "private": "bnVsbA==",
          "dependencies": [
            "vault_mount.kv-apps"
          ]
        },
        {
          "index_key": 13,
          "schema_version": 0,
          "attributes": {
            "cas": 0,
            "custom_metadata": [
              {
                "cas_required": false,
                "data": {},
                "delete_version_after": 0,
                "max_versions": 0
              }
            ],
            "data": {},
            "data_json": "{}",
            "delete_all_versions": true,
            "disable_read": false,
            "id": "angular_5/data/tst",
            "metadata": {
              "created_time": "2023-09-29T12:00:05.941386485Z",
              "custom_metadata": "null",
              "deletion_time": "",
              "destroyed": "false",
              "version": "1"
            },
            "mount": "angular_5",
            "name": "tst",
            "namespace": null,
            "options": null,
            "path": "angular_5/data/tst"
          },
          "sensitive_attributes": [],
          "private": "bnVsbA==",
          "dependencies": [
            "vault_mount.kv-apps"
          ]
        },
        {
          "index_key": 14,
          "schema_version": 0,
          "attributes": {
            "cas": 0,
            "custom_metadata": [
              {
                "cas_required": false,
                "data": {},
                "delete_version_after": 0,
                "max_versions": 0
              }
            ],
            "data": {},
            "data_json": "{}",
            "delete_all_versions": true,
            "disable_read": false,
            "id": "angular_6/data/tst",
            "metadata": {
              "created_time": "2023-09-29T12:00:05.849883344Z",
              "custom_metadata": "null",
              "deletion_time": "",
              "destroyed": "false",
              "version": "1"
            },
            "mount": "angular_6",
            "name": "tst",
            "namespace": null,
            "options": null,
            "path": "angular_6/data/tst"
          },
          "sensitive_attributes": [],
          "private": "bnVsbA==",
          "dependencies": [
            "vault_mount.kv-apps"
          ]
        }
      ]
    },
    {
      "mode": "managed",
      "type": "vault_mount",
      "name": "kv-apps",
      "provider": "provider[\"registry.terraform.io/hashicorp/vault\"]",
      "instances": [
        {
          "index_key": 0,
          "schema_version": 0,
          "attributes": {
            "accessor": "kv_6a0157ad",
            "allowed_managed_keys": [],
            "audit_non_hmac_request_keys": [],
            "audit_non_hmac_response_keys": [],
            "default_lease_ttl_seconds": 0,
            "description": "KV Version 2 secret engine mount",
            "external_entropy_access": false,
            "id": "ruby_1",
            "local": false,
            "max_lease_ttl_seconds": 0,
            "namespace": null,
            "options": {},
            "path": "ruby_1",
            "seal_wrap": false,
            "type": "kv-v2"
          },
          "sensitive_attributes": [],
          "private": "bnVsbA=="
        },
        {
          "index_key": 1,
          "schema_version": 0,
          "attributes": {
            "accessor": "kv_5cd8fd38",
            "allowed_managed_keys": [],
            "audit_non_hmac_request_keys": [],
            "audit_non_hmac_response_keys": [],
            "default_lease_ttl_seconds": 0,
            "description": "KV Version 2 secret engine mount",
            "external_entropy_access": false,
            "id": "ruby_2",
            "local": false,
            "max_lease_ttl_seconds": 0,
            "namespace": null,
            "options": {},
            "path": "ruby_2",
            "seal_wrap": false,
            "type": "kv-v2"
          },
          "sensitive_attributes": [],
          "private": "bnVsbA=="
        },
        {
          "index_key": 2,
          "schema_version": 0,
          "attributes": {
            "accessor": "kv_cd402506",
            "allowed_managed_keys": [],
            "audit_non_hmac_request_keys": [],
            "audit_non_hmac_response_keys": [],
            "default_lease_ttl_seconds": 0,
            "description": "KV Version 2 secret engine mount",
            "external_entropy_access": false,
            "id": "ruby_3",
            "local": false,
            "max_lease_ttl_seconds": 0,
            "namespace": null,
            "options": {},
            "path": "ruby_3",
            "seal_wrap": false,
            "type": "kv-v2"
          },
          "sensitive_attributes": [],
          "private": "bnVsbA=="
        },
        {
          "index_key": 3,
          "schema_version": 0,
          "attributes": {
            "accessor": "kv_dd9c3dae",
            "allowed_managed_keys": [],
            "audit_non_hmac_request_keys": [],
            "audit_non_hmac_response_keys": [],
            "default_lease_ttl_seconds": 0,
            "description": "KV Version 2 secret engine mount",
            "external_entropy_access": false,
            "id": "ruby_4",
            "local": false,
            "max_lease_ttl_seconds": 0,
            "namespace": null,
            "options": {},
            "path": "ruby_4",
            "seal_wrap": false,
            "type": "kv-v2"
          },
          "sensitive_attributes": [],
          "private": "bnVsbA=="
        },
        {
          "index_key": 4,
          "schema_version": 0,
          "attributes": {
            "accessor": "kv_64bd000f",
            "allowed_managed_keys": [],
            "audit_non_hmac_request_keys": [],
            "audit_non_hmac_response_keys": [],
            "default_lease_ttl_seconds": 0,
            "description": "KV Version 2 secret engine mount",
            "external_entropy_access": false,
            "id": "java_1",
            "local": false,
            "max_lease_ttl_seconds": 0,
            "namespace": null,
            "options": {},
            "path": "java_1",
            "seal_wrap": false,
            "type": "kv-v2"
          },
          "sensitive_attributes": [],
          "private": "bnVsbA=="
        },
        {
          "index_key": 5,
          "schema_version": 0,
          "attributes": {
            "accessor": "kv_b1eb50d8",
            "allowed_managed_keys": [],
            "audit_non_hmac_request_keys": [],
            "audit_non_hmac_response_keys": [],
            "default_lease_ttl_seconds": 0,
            "description": "KV Version 2 secret engine mount",
            "external_entropy_access": false,
            "id": "java_2",
            "local": false,
            "max_lease_ttl_seconds": 0,
            "namespace": null,
            "options": {},
            "path": "java_2",
            "seal_wrap": false,
            "type": "kv-v2"
          },
          "sensitive_attributes": [],
          "private": "bnVsbA=="
        },
        {
          "index_key": 6,
          "schema_version": 0,
          "attributes": {
            "accessor": "kv_988ef5ac",
            "allowed_managed_keys": [],
            "audit_non_hmac_request_keys": [],
            "audit_non_hmac_response_keys": [],
            "default_lease_ttl_seconds": 0,
            "description": "KV Version 2 secret engine mount",
            "external_entropy_access": false,
            "id": "java_3",
            "local": false,
            "max_lease_ttl_seconds": 0,
            "namespace": null,
            "options": {},
            "path": "java_3",
            "seal_wrap": false,
            "type": "kv-v2"
          },
          "sensitive_attributes": [],
          "private": "bnVsbA=="
        },
        {
          "index_key": 7,
          "schema_version": 0,
          "attributes": {
            "accessor": "kv_b54139d2",
            "allowed_managed_keys": [],
            "audit_non_hmac_request_keys": [],
            "audit_non_hmac_response_keys": [],
            "default_lease_ttl_seconds": 0,
            "description": "KV Version 2 secret engine mount",
            "external_entropy_access": false,
            "id": "java_4",
            "local": false,
            "max_lease_ttl_seconds": 0,
            "namespace": null,
            "options": {},
            "path": "java_4",
            "seal_wrap": false,
            "type": "kv-v2"
          },
          "sensitive_attributes": [],
          "private": "bnVsbA=="
        },
        {
          "index_key": 8,
          "schema_version": 0,
          "attributes": {
            "accessor": "kv_a7a19936",
            "allowed_managed_keys": [],
            "audit_non_hmac_request_keys": [],
            "audit_non_hmac_response_keys": [],
            "default_lease_ttl_seconds": 0,
            "description": "KV Version 2 secret engine mount",
            "external_entropy_access": false,
            "id": "java_5",
            "local": false,
            "max_lease_ttl_seconds": 0,
            "namespace": null,
            "options": {},
            "path": "java_5",
            "seal_wrap": false,
            "type": "kv-v2"
          },
          "sensitive_attributes": [],
          "private": "bnVsbA=="
        },
        {
          "index_key": 9,
          "schema_version": 0,
          "attributes": {
            "accessor": "kv_351d46c1",
            "allowed_managed_keys": [],
            "audit_non_hmac_request_keys": [],
            "audit_non_hmac_response_keys": [],
            "default_lease_ttl_seconds": 0,
            "description": "KV Version 2 secret engine mount",
            "external_entropy_access": false,
            "id": "angular_1",
            "local": false,
            "max_lease_ttl_seconds": 0,
            "namespace": null,
            "options": {},
            "path": "angular_1",
            "seal_wrap": false,
            "type": "kv-v2"
          },
          "sensitive_attributes": [],
          "private": "bnVsbA=="
        },
        {
          "index_key": 10,
          "schema_version": 0,
          "attributes": {
            "accessor": "kv_eeeada89",
            "allowed_managed_keys": [],
            "audit_non_hmac_request_keys": [],
            "audit_non_hmac_response_keys": [],
            "default_lease_ttl_seconds": 0,
            "description": "KV Version 2 secret engine mount",
            "external_entropy_access": false,
            "id": "angular_2",
            "local": false,
            "max_lease_ttl_seconds": 0,
            "namespace": null,
            "options": {},
            "path": "angular_2",
            "seal_wrap": false,
            "type": "kv-v2"
          },
          "sensitive_attributes": [],
          "private": "bnVsbA=="
        },
        {
          "index_key": 11,
          "schema_version": 0,
          "attributes": {
            "accessor": "kv_bb442bdf",
            "allowed_managed_keys": [],
            "audit_non_hmac_request_keys": [],
            "audit_non_hmac_response_keys": [],
            "default_lease_ttl_seconds": 0,
            "description": "KV Version 2 secret engine mount",
            "external_entropy_access": false,
            "id": "angular_3",
            "local": false,
            "max_lease_ttl_seconds": 0,
            "namespace": null,
            "options": {},
            "path": "angular_3",
            "seal_wrap": false,
            "type": "kv-v2"
          },
          "sensitive_attributes": [],
          "private": "bnVsbA=="
        },
        {
          "index_key": 12,
          "schema_version": 0,
          "attributes": {
            "accessor": "kv_baece0d5",
            "allowed_managed_keys": [],
            "audit_non_hmac_request_keys": [],
            "audit_non_hmac_response_keys": [],
            "default_lease_ttl_seconds": 0,
            "description": "KV Version 2 secret engine mount",
            "external_entropy_access": false,
            "id": "angular_4",
            "local": false,
            "max_lease_ttl_seconds": 0,
            "namespace": null,
            "options": {},
            "path": "angular_4",
            "seal_wrap": false,
            "type": "kv-v2"
          },
          "sensitive_attributes": [],
          "private": "bnVsbA=="
        },
        {
          "index_key": 13,
          "schema_version": 0,
          "attributes": {
            "accessor": "kv_7b98eaa8",
            "allowed_managed_keys": [],
            "audit_non_hmac_request_keys": [],
            "audit_non_hmac_response_keys": [],
            "default_lease_ttl_seconds": 0,
            "description": "KV Version 2 secret engine mount",
            "external_entropy_access": false,
            "id": "angular_5",
            "local": false,
            "max_lease_ttl_seconds": 0,
            "namespace": null,
            "options": {},
            "path": "angular_5",
            "seal_wrap": false,
            "type": "kv-v2"
          },
          "sensitive_attributes": [],
          "private": "bnVsbA=="
        },
        {
          "index_key": 14,
          "schema_version": 0,
          "attributes": {
            "accessor": "kv_9ad5f434",
            "allowed_managed_keys": [],
            "audit_non_hmac_request_keys": [],
            "audit_non_hmac_response_keys": [],
            "default_lease_ttl_seconds": 0,
            "description": "KV Version 2 secret engine mount",
            "external_entropy_access": false,
            "id": "angular_6",
            "local": false,
            "max_lease_ttl_seconds": 0,
            "namespace": null,
            "options": {},
            "path": "angular_6",
            "seal_wrap": false,
            "type": "kv-v2"
          },
          "sensitive_attributes": [],
          "private": "bnVsbA=="
        }
      ]
    },
    {
      "mode": "managed",
      "type": "vault_policy",
      "name": "dev_policy",
      "provider": "provider[\"registry.terraform.io/hashicorp/vault\"]",
      "instances": [
        {
          "schema_version": 0,
          "attributes": {
            "id": "developers",
            "name": "developers",
            "namespace": null,
            "policy": "path \"ruby_1/dev/*\"\n{\n  capabilities = [\"create\", \"read\", \"update\", \"delete\", \"list\"]\n}\npath \"ruby_2/dev/*\"\n{\n  capabilities = [\"create\", \"read\", \"update\", \"delete\", \"list\"]\n}\npath \"ruby_3/dev/*\"\n{\n  capabilities = [\"create\", \"read\", \"update\", \"delete\", \"list\"]\n}\npath \"ruby_4/dev/*\"\n{\n  capabilities = [\"create\", \"read\", \"update\", \"delete\", \"list\"]\n}\npath \"java_1/dev/*\"\n{\n  capabilities = [\"create\", \"read\", \"update\", \"delete\", \"list\"]\n}\npath \"java_2/dev/*\"\n{\n  capabilities = [\"create\", \"read\", \"update\", \"delete\", \"list\"]\n}\npath \"java_3/dev/*\"\n{\n  capabilities = [\"create\", \"read\", \"update\", \"delete\", \"list\"]\n}\npath \"java_4/dev/*\"\n{\n  capabilities = [\"create\", \"read\", \"update\", \"delete\", \"list\"]\n}\npath \"java_5/dev/*\"\n{\n  capabilities = [\"create\", \"read\", \"update\", \"delete\", \"list\"]\n}\npath \"angular_1/dev/*\"\n{\n  capabilities = [\"create\", \"read\", \"update\", \"delete\", \"list\"]\n}\npath \"angular_2/dev/*\"\n{\n  capabilities = [\"create\", \"read\", \"update\", \"delete\", \"list\"]\n}\npath \"angular_3/dev/*\"\n{\n  capabilities = [\"create\", \"read\", \"update\", \"delete\", \"list\"]\n}\npath \"angular_4/dev/*\"\n{\n  capabilities = [\"create\", \"read\", \"update\", \"delete\", \"list\"]\n}\npath \"angular_5/dev/*\"\n{\n  capabilities = [\"create\", \"read\", \"update\", \"delete\", \"list\"]\n}\npath \"angular_6/dev/*\"\n{\n  capabilities = [\"create\", \"read\", \"update\", \"delete\", \"list\"]\n}\n"
          },
          "sensitive_attributes": [],
          "private": "bnVsbA==",
          "dependencies": [
            "data.template_file.template_dev_policy"
          ]
        }
      ]
    },
    {
      "mode": "managed",
      "type": "vault_policy",
      "name": "sus_policy",
      "provider": "provider[\"registry.terraform.io/hashicorp/vault\"]",
      "instances": [
        {
          "schema_version": 0,
          "attributes": {
            "id": "SUS",
            "name": "SUS",
            "namespace": null,
            "policy": "path \"ruby_1/sus/*\"\n{\n  capabilities = [\"create\", \"read\", \"update\", \"delete\", \"list\"]\n}\npath \"ruby_2/sus/*\"\n{\n  capabilities = [\"create\", \"read\", \"update\", \"delete\", \"list\"]\n}\npath \"ruby_3/sus/*\"\n{\n  capabilities = [\"create\", \"read\", \"update\", \"delete\", \"list\"]\n}\npath \"ruby_4/sus/*\"\n{\n  capabilities = [\"create\", \"read\", \"update\", \"delete\", \"list\"]\n}\npath \"java_1/sus/*\"\n{\n  capabilities = [\"create\", \"read\", \"update\", \"delete\", \"list\"]\n}\npath \"java_2/sus/*\"\n{\n  capabilities = [\"create\", \"read\", \"update\", \"delete\", \"list\"]\n}\npath \"java_3/sus/*\"\n{\n  capabilities = [\"create\", \"read\", \"update\", \"delete\", \"list\"]\n}\npath \"java_4/sus/*\"\n{\n  capabilities = [\"create\", \"read\", \"update\", \"delete\", \"list\"]\n}\npath \"java_5/sus/*\"\n{\n  capabilities = [\"create\", \"read\", \"update\", \"delete\", \"list\"]\n}\npath \"angular_1/sus/*\"\n{\n  capabilities = [\"create\", \"read\", \"update\", \"delete\", \"list\"]\n}\npath \"angular_2/sus/*\"\n{\n  capabilities = [\"create\", \"read\", \"update\", \"delete\", \"list\"]\n}\npath \"angular_3/sus/*\"\n{\n  capabilities = [\"create\", \"read\", \"update\", \"delete\", \"list\"]\n}\npath \"angular_4/sus/*\"\n{\n  capabilities = [\"create\", \"read\", \"update\", \"delete\", \"list\"]\n}\npath \"angular_5/sus/*\"\n{\n  capabilities = [\"create\", \"read\", \"update\", \"delete\", \"list\"]\n}\npath \"angular_6/sus/*\"\n{\n  capabilities = [\"create\", \"read\", \"update\", \"delete\", \"list\"]\n}\n"
          },
          "sensitive_attributes": [],
          "private": "bnVsbA==",
          "dependencies": [
            "data.template_file.template_sus_policy"
          ]
        }
      ]
    },
    {
      "module": "module.angular.module.secrets_angular_ci",
      "mode": "data",
      "type": "template_file",
      "name": "template_angular_1",
      "provider": "provider[\"registry.terraform.io/hashicorp/template\"]",
      "instances": [
        {
          "schema_version": 0,
          "attributes": {
            "filename": null,
            "id": "3a049dd61cb304299c6a1a1b0a572a02b549c4bf3352602b8b896fad0c7cdbba",
            "rendered": "{\n    \"password\": \"Hello World\",\n    \"teste\"   : \"teste\",\n    \"teste_2\" : \"1234\",\n    \"url\"     : \"https://app_1-ci.com.br\"\n}",
            "template": "{\n    \"password\": \"Hello World\",\n    \"teste\"   : \"teste\",\n    \"teste_2\" : \"1234\",\n    \"url\"     : \"https://app_1-ci.com.br\"\n}",
            "vars": null
          },
          "sensitive_attributes": []
        }
      ]
    },
    {
      "module": "module.angular.module.secrets_angular_ci",
      "mode": "data",
      "type": "template_file",
      "name": "template_angular_2",
      "provider": "provider[\"registry.terraform.io/hashicorp/template\"]",
      "instances": [
        {
          "schema_version": 0,
          "attributes": {
            "filename": null,
            "id": "38749fa7589466ea097b892943120126e64ecea29490398b7bcea3728431a2bb",
            "rendered": "{\n    \"password\": \"Hello World\",\n    \"teste\"   : \"teste\",\n    \"teste_2\" : \"1234\",\n    \"url\"     : \"https://app_2-ci.com.br\"\n}",
            "template": "{\n    \"password\": \"Hello World\",\n    \"teste\"   : \"teste\",\n    \"teste_2\" : \"1234\",\n    \"url\"     : \"https://app_2-ci.com.br\"\n}",
            "vars": null
          },
          "sensitive_attributes": []
        }
      ]
    },
    {
      "module": "module.angular.module.secrets_angular_ci",
      "mode": "managed",
      "type": "vault_kv_secret_v2",
      "name": "angular_1",
      "provider": "provider[\"registry.terraform.io/hashicorp/vault\"]",
      "instances": [
        {
          "schema_version": 0,
          "attributes": {
            "cas": 0,
            "custom_metadata": [
              {
                "cas_required": false,
                "data": {},
                "delete_version_after": 0,
                "max_versions": 0
              }
            ],
            "data": {
              "password": "Hello World",
              "teste": "teste",
              "teste_2": "1234",
              "url": "https://app_1-ci.com.br"
            },
            "data_json": "{\"password\":\"Hello World\",\"teste\":\"teste\",\"teste_2\":\"1234\",\"url\":\"https://app_1-ci.com.br\"}",
            "delete_all_versions": true,
            "disable_read": false,
            "id": "angular_1/data/ci",
            "metadata": {
              "created_time": "2023-09-29T12:59:17.364729826Z",
              "custom_metadata": "null",
              "deletion_time": "",
              "destroyed": "false",
              "version": "2"
            },
            "mount": "angular_1",
            "name": "ci",
            "namespace": null,
            "options": null,
            "path": "angular_1/data/ci"
          },
          "sensitive_attributes": [],
          "private": "bnVsbA==",
          "dependencies": [
            "module.angular.module.secrets_angular_ci.data.template_file.template_angular_1"
          ]
        }
      ]
    },
    {
      "module": "module.angular.module.secrets_angular_ci",
      "mode": "managed",
      "type": "vault_kv_secret_v2",
      "name": "angular_2",
      "provider": "provider[\"registry.terraform.io/hashicorp/vault\"]",
      "instances": [
        {
          "schema_version": 0,
          "attributes": {
            "cas": 0,
            "custom_metadata": [
              {
                "cas_required": false,
                "data": {},
                "delete_version_after": 0,
                "max_versions": 0
              }
            ],
            "data": {
              "password": "Hello World",
              "teste": "teste",
              "teste_2": "1234",
              "url": "https://app_2-ci.com.br"
            },
            "data_json": "{\"password\":\"Hello World\",\"teste\":\"teste\",\"teste_2\":\"1234\",\"url\":\"https://app_2-ci.com.br\"}",
            "delete_all_versions": true,
            "disable_read": false,
            "id": "angular_2/data/ci",
            "metadata": {
              "created_time": "2023-09-29T12:59:17.573341671Z",
              "custom_metadata": "null",
              "deletion_time": "",
              "destroyed": "false",
              "version": "2"
            },
            "mount": "angular_2",
            "name": "ci",
            "namespace": null,
            "options": null,
            "path": "angular_2/data/ci"
          },
          "sensitive_attributes": [],
          "private": "bnVsbA==",
          "dependencies": [
            "module.angular.module.secrets_angular_ci.data.template_file.template_angular_2"
          ]
        }
      ]
    },
    {
      "module": "module.angular.module.secrets_angular_hml",
      "mode": "data",
      "type": "template_file",
      "name": "template_angular_1",
      "provider": "provider[\"registry.terraform.io/hashicorp/template\"]",
      "instances": [
        {
          "schema_version": 0,
          "attributes": {
            "filename": null,
            "id": "1aec1f7a6a7524508024873c0372b51c2923b700a01cbacbe29f70ebd59f2e70",
            "rendered": "{\n    \"password\": \"Hello World\",\n    \"teste\"   : \"teste\",\n    \"teste_2\" : \"1234\",\n    \"url\"     : \"https://app_1-hml.com.br\"\n}",
            "template": "{\n    \"password\": \"Hello World\",\n    \"teste\"   : \"teste\",\n    \"teste_2\" : \"1234\",\n    \"url\"     : \"https://app_1-hml.com.br\"\n}",
            "vars": null
          },
          "sensitive_attributes": []
        }
      ]
    },
    {
      "module": "module.angular.module.secrets_angular_hml",
      "mode": "data",
      "type": "template_file",
      "name": "template_angular_2",
      "provider": "provider[\"registry.terraform.io/hashicorp/template\"]",
      "instances": [
        {
          "schema_version": 0,
          "attributes": {
            "filename": null,
            "id": "d46a42a2ff9aa184697c4f11ebdbf5fb5206f7c618dcec043c22b9874abfbdfa",
            "rendered": "{\n    \"password\": \"Hello World\",\n    \"teste\"   : \"teste\",\n    \"teste_2\" : \"1234\",\n    \"url\"     : \"https://app_2-hml.com.br\"\n}",
            "template": "{\n    \"password\": \"Hello World\",\n    \"teste\"   : \"teste\",\n    \"teste_2\" : \"1234\",\n    \"url\"     : \"https://app_2-hml.com.br\"\n}",
            "vars": null
          },
          "sensitive_attributes": []
        }
      ]
    },
    {
      "module": "module.angular.module.secrets_angular_hml",
      "mode": "managed",
      "type": "vault_kv_secret_v2",
      "name": "angular_1",
      "provider": "provider[\"registry.terraform.io/hashicorp/vault\"]",
      "instances": [
        {
          "schema_version": 0,
          "attributes": {
            "cas": 0,
            "custom_metadata": [
              {
                "cas_required": false,
                "data": {},
                "delete_version_after": 0,
                "max_versions": 0
              }
            ],
            "data": {
              "password": "Hello World",
              "teste": "teste",
              "teste_2": "1234",
              "url": "https://app_1-hml.com.br"
            },
            "data_json": "{\"password\":\"Hello World\",\"teste\":\"teste\",\"teste_2\":\"1234\",\"url\":\"https://app_1-hml.com.br\"}",
            "delete_all_versions": true,
            "disable_read": false,
            "id": "angular_1/data/hml",
            "metadata": {
              "created_time": "2023-09-29T12:59:17.576807498Z",
              "custom_metadata": "null",
              "deletion_time": "",
              "destroyed": "false",
              "version": "2"
            },
            "mount": "angular_1",
            "name": "hml",
            "namespace": null,
            "options": null,
            "path": "angular_1/data/hml"
          },
          "sensitive_attributes": [],
          "private": "bnVsbA==",
          "dependencies": [
            "module.angular.module.secrets_angular_hml.data.template_file.template_angular_1"
          ]
        }
      ]
    },
    {
      "module": "module.angular.module.secrets_angular_hml",
      "mode": "managed",
      "type": "vault_kv_secret_v2",
      "name": "angular_2",
      "provider": "provider[\"registry.terraform.io/hashicorp/vault\"]",
      "instances": [
        {
          "schema_version": 0,
          "attributes": {
            "cas": 0,
            "custom_metadata": [
              {
                "cas_required": false,
                "data": {},
                "delete_version_after": 0,
                "max_versions": 0
              }
            ],
            "data": {
              "password": "Hello World",
              "teste": "teste",
              "teste_2": "1234",
              "url": "https://app_2-hml.com.br"
            },
            "data_json": "{\"password\":\"Hello World\",\"teste\":\"teste\",\"teste_2\":\"1234\",\"url\":\"https://app_2-hml.com.br\"}",
            "delete_all_versions": true,
            "disable_read": false,
            "id": "angular_2/data/hml",
            "metadata": {
              "created_time": "2023-09-29T12:59:17.36268126Z",
              "custom_metadata": "null",
              "deletion_time": "",
              "destroyed": "false",
              "version": "2"
            },
            "mount": "angular_2",
            "name": "hml",
            "namespace": null,
            "options": null,
            "path": "angular_2/data/hml"
          },
          "sensitive_attributes": [],
          "private": "bnVsbA==",
          "dependencies": [
            "module.angular.module.secrets_angular_hml.data.template_file.template_angular_2"
          ]
        }
      ]
    },
    {
      "module": "module.angular.module.secrets_angular_sus",
      "mode": "data",
      "type": "template_file",
      "name": "template_angular_1",
      "provider": "provider[\"registry.terraform.io/hashicorp/template\"]",
      "instances": [
        {
          "schema_version": 0,
          "attributes": {
            "filename": null,
            "id": "5e56bd9c00f181888d0ff29c91a05e15ccd2b0f53ae6f32279933382cc762c26",
            "rendered": "{\n    \"password\": \"Hello World\",\n    \"teste\"   : \"teste\",\n    \"teste_2\" : \"1234\",\n    \"url\"     : \"https://angular_1-sus.com.br\"\n}",
            "template": "{\n    \"password\": \"Hello World\",\n    \"teste\"   : \"teste\",\n    \"teste_2\" : \"1234\",\n    \"url\"     : \"https://angular_1-sus.com.br\"\n}",
            "vars": null
          },
          "sensitive_attributes": []
        }
      ]
    },
    {
      "module": "module.angular.module.secrets_angular_sus",
      "mode": "data",
      "type": "template_file",
      "name": "template_angular_2",
      "provider": "provider[\"registry.terraform.io/hashicorp/template\"]",
      "instances": [
        {
          "schema_version": 0,
          "attributes": {
            "filename": null,
            "id": "2dfed7c61d52ae07f29389dcd5ca451ed939ad7753ad8d8d076381dc715c9613",
            "rendered": "{\n    \"password\": \"Hello World\",\n    \"teste\"   : \"teste\",\n    \"teste_2\" : \"1234\",\n    \"url\"     : \"https://angular_2-sus.com.br\"\n}",
            "template": "{\n    \"password\": \"Hello World\",\n    \"teste\"   : \"teste\",\n    \"teste_2\" : \"1234\",\n    \"url\"     : \"https://angular_2-sus.com.br\"\n}",
            "vars": null
          },
          "sensitive_attributes": []
        }
      ]
    },
    {
      "module": "module.angular.module.secrets_angular_sus",
      "mode": "managed",
      "type": "vault_kv_secret_v2",
      "name": "angular_1",
      "provider": "provider[\"registry.terraform.io/hashicorp/vault\"]",
      "instances": [
        {
          "schema_version": 0,
          "attributes": {
            "cas": 0,
            "custom_metadata": [
              {
                "cas_required": false,
                "data": {},
                "delete_version_after": 0,
                "max_versions": 0
              }
            ],
            "data": {
              "password": "Hello World",
              "teste": "teste",
              "teste_2": "1234",
              "url": "https://angular_1-sus.com.br"
            },
            "data_json": "{\"password\":\"Hello World\",\"teste\":\"teste\",\"teste_2\":\"1234\",\"url\":\"https://angular_1-sus.com.br\"}",
            "delete_all_versions": true,
            "disable_read": false,
            "id": "angular_1/data/sus",
            "metadata": {
              "created_time": "2023-09-29T12:59:17.353138257Z",
              "custom_metadata": "null",
              "deletion_time": "",
              "destroyed": "false",
              "version": "2"
            },
            "mount": "angular_1",
            "name": "sus",
            "namespace": null,
            "options": null,
            "path": "angular_1/data/sus"
          },
          "sensitive_attributes": [],
          "private": "bnVsbA==",
          "dependencies": [
            "module.angular.module.secrets_angular_sus.data.template_file.template_angular_1"
          ]
        }
      ]
    },
    {
      "module": "module.angular.module.secrets_angular_sus",
      "mode": "managed",
      "type": "vault_kv_secret_v2",
      "name": "angular_2",
      "provider": "provider[\"registry.terraform.io/hashicorp/vault\"]",
      "instances": [
        {
          "schema_version": 0,
          "attributes": {
            "cas": 0,
            "custom_metadata": [
              {
                "cas_required": false,
                "data": {},
                "delete_version_after": 0,
                "max_versions": 0
              }
            ],
            "data": {
              "password": "Hello World",
              "teste": "teste",
              "teste_2": "1234",
              "url": "https://angular_2-sus.com.br"
            },
            "data_json": "{\"password\":\"Hello World\",\"teste\":\"teste\",\"teste_2\":\"1234\",\"url\":\"https://angular_2-sus.com.br\"}",
            "delete_all_versions": true,
            "disable_read": false,
            "id": "angular_2/data/sus",
            "metadata": {
              "created_time": "2023-09-29T12:59:17.377224381Z",
              "custom_metadata": "null",
              "deletion_time": "",
              "destroyed": "false",
              "version": "2"
            },
            "mount": "angular_2",
            "name": "sus",
            "namespace": null,
            "options": null,
            "path": "angular_2/data/sus"
          },
          "sensitive_attributes": [],
          "private": "bnVsbA==",
          "dependencies": [
            "module.angular.module.secrets_angular_sus.data.template_file.template_angular_2"
          ]
        }
      ]
    },
    {
      "module": "module.angular.module.secrets_angular_tst",
      "mode": "data",
      "type": "template_file",
      "name": "template_angular_1",
      "provider": "provider[\"registry.terraform.io/hashicorp/template\"]",
      "instances": [
        {
          "schema_version": 0,
          "attributes": {
            "filename": null,
            "id": "243cdd4d977aa160bb17a4081fc31920815413c43638309493ac7bef8a7cebd1",
            "rendered": "{\n    \"password\": \"Hello World\",\n    \"teste\"   : \"teste\",\n    \"teste_2\" : \"1234\",\n    \"url\"     : \"https://angular_1-tst.com.br\"\n}",
            "template": "{\n    \"password\": \"Hello World\",\n    \"teste\"   : \"teste\",\n    \"teste_2\" : \"1234\",\n    \"url\"     : \"https://angular_1-tst.com.br\"\n}",
            "vars": null
          },
          "sensitive_attributes": []
        }
      ]
    },
    {
      "module": "module.angular.module.secrets_angular_tst",
      "mode": "data",
      "type": "template_file",
      "name": "template_angular_2",
      "provider": "provider[\"registry.terraform.io/hashicorp/template\"]",
      "instances": [
        {
          "schema_version": 0,
          "attributes": {
            "filename": null,
            "id": "f3e647f8be6fa94d5cd6bb6187edc8c1002d831930e582445e91647b1fed5a9d",
            "rendered": "{\n    \"password\": \"Hello World\",\n    \"teste\"   : \"teste\",\n    \"teste_2\" : \"1234\",\n    \"url\"     : \"https://angular_2-tst.com.br\"\n}",
            "template": "{\n    \"password\": \"Hello World\",\n    \"teste\"   : \"teste\",\n    \"teste_2\" : \"1234\",\n    \"url\"     : \"https://angular_2-tst.com.br\"\n}",
            "vars": null
          },
          "sensitive_attributes": []
        }
      ]
    },
    {
      "module": "module.angular.module.secrets_angular_tst",
      "mode": "data",
      "type": "template_file",
      "name": "template_angular_3",
      "provider": "provider[\"registry.terraform.io/hashicorp/template\"]",
      "instances": [
        {
          "schema_version": 0,
          "attributes": {
            "filename": null,
            "id": "6318a0acfaf6d055944d3884c842aab671bf4e16b80ba73f98081f50a26e4817",
            "rendered": "{\n    \"password\": \"Hello World\",\n    \"teste\"   : \"teste\",\n    \"teste_2\" : \"1234\",\n    \"url\"     : \"https://angular_3-tst.com.br\"\n}",
            "template": "{\n    \"password\": \"Hello World\",\n    \"teste\"   : \"teste\",\n    \"teste_2\" : \"1234\",\n    \"url\"     : \"https://angular_3-tst.com.br\"\n}",
            "vars": null
          },
          "sensitive_attributes": []
        }
      ]
    },
    {
      "module": "module.angular.module.secrets_angular_tst",
      "mode": "managed",
      "type": "vault_kv_secret_v2",
      "name": "angular_1",
      "provider": "provider[\"registry.terraform.io/hashicorp/vault\"]",
      "instances": [
        {
          "schema_version": 0,
          "attributes": {
            "cas": 0,
            "custom_metadata": [
              {
                "cas_required": false,
                "data": {},
                "delete_version_after": 0,
                "max_versions": 0
              }
            ],
            "data": {
              "password": "Hello World",
              "teste": "teste",
              "teste_2": "1234",
              "url": "https://angular_1-tst.com.br"
            },
            "data_json": "{\"password\":\"Hello World\",\"teste\":\"teste\",\"teste_2\":\"1234\",\"url\":\"https://angular_1-tst.com.br\"}",
            "delete_all_versions": true,
            "disable_read": false,
            "id": "angular_1/data/tst",
            "metadata": {
              "created_time": "2023-09-29T12:59:17.528006102Z",
              "custom_metadata": "null",
              "deletion_time": "",
              "destroyed": "false",
              "version": "2"
            },
            "mount": "angular_1",
            "name": "tst",
            "namespace": null,
            "options": null,
            "path": "angular_1/data/tst"
          },
          "sensitive_attributes": [],
          "private": "bnVsbA==",
          "dependencies": [
            "module.angular.module.secrets_angular_tst.data.template_file.template_angular_1"
          ]
        }
      ]
    },
    {
      "module": "module.angular.module.secrets_angular_tst",
      "mode": "managed",
      "type": "vault_kv_secret_v2",
      "name": "angular_2",
      "provider": "provider[\"registry.terraform.io/hashicorp/vault\"]",
      "instances": [
        {
          "schema_version": 0,
          "attributes": {
            "cas": 0,
            "custom_metadata": [
              {
                "cas_required": false,
                "data": {},
                "delete_version_after": 0,
                "max_versions": 0
              }
            ],
            "data": {
              "password": "Hello World",
              "teste": "teste",
              "teste_2": "1234",
              "url": "https://angular_2-tst.com.br"
            },
            "data_json": "{\"password\":\"Hello World\",\"teste\":\"teste\",\"teste_2\":\"1234\",\"url\":\"https://angular_2-tst.com.br\"}",
            "delete_all_versions": true,
            "disable_read": false,
            "id": "angular_2/data/tst",
            "metadata": {
              "created_time": "2023-09-29T12:59:17.373028868Z",
              "custom_metadata": "null",
              "deletion_time": "",
              "destroyed": "false",
              "version": "2"
            },
            "mount": "angular_2",
            "name": "tst",
            "namespace": null,
            "options": null,
            "path": "angular_2/data/tst"
          },
          "sensitive_attributes": [],
          "private": "bnVsbA==",
          "dependencies": [
            "module.angular.module.secrets_angular_tst.data.template_file.template_angular_2"
          ]
        }
      ]
    },
    {
      "module": "module.angular.module.secrets_angular_tst",
      "mode": "managed",
      "type": "vault_kv_secret_v2",
      "name": "angular_3",
      "provider": "provider[\"registry.terraform.io/hashicorp/vault\"]",
      "instances": [
        {
          "schema_version": 0,
          "attributes": {
            "cas": 0,
            "custom_metadata": [
              {
                "cas_required": false,
                "data": {},
                "delete_version_after": 0,
                "max_versions": 0
              }
            ],
            "data": {
              "password": "Hello World",
              "teste": "teste",
              "teste_2": "1234",
              "url": "https://angular_3-tst.com.br"
            },
            "data_json": "{\"password\":\"Hello World\",\"teste\":\"teste\",\"teste_2\":\"1234\",\"url\":\"https://angular_3-tst.com.br\"}",
            "delete_all_versions": true,
            "disable_read": false,
            "id": "angular_3/data/tst",
            "metadata": {
              "created_time": "2023-09-29T13:26:13.800376819Z",
              "custom_metadata": "null",
              "deletion_time": "",
              "destroyed": "false",
              "version": "2"
            },
            "mount": "angular_3",
            "name": "tst",
            "namespace": null,
            "options": null,
            "path": "angular_3/data/tst"
          },
          "sensitive_attributes": [],
          "private": "bnVsbA==",
          "dependencies": [
            "module.angular.module.secrets_angular_tst.data.template_file.template_angular_3"
          ]
        }
      ]
    },
    {
      "module": "module.java.module.secrets_java_ci",
      "mode": "data",
      "type": "template_file",
      "name": "template_java_1",
      "provider": "provider[\"registry.terraform.io/hashicorp/template\"]",
      "instances": [
        {
          "schema_version": 0,
          "attributes": {
            "filename": null,
            "id": "3a049dd61cb304299c6a1a1b0a572a02b549c4bf3352602b8b896fad0c7cdbba",
            "rendered": "{\n    \"password\": \"Hello World\",\n    \"teste\"   : \"teste\",\n    \"teste_2\" : \"1234\",\n    \"url\"     : \"https://app_1-ci.com.br\"\n}",
            "template": "{\n    \"password\": \"Hello World\",\n    \"teste\"   : \"teste\",\n    \"teste_2\" : \"1234\",\n    \"url\"     : \"https://app_1-ci.com.br\"\n}",
            "vars": null
          },
          "sensitive_attributes": []
        }
      ]
    },
    {
      "module": "module.java.module.secrets_java_ci",
      "mode": "data",
      "type": "template_file",
      "name": "template_java_2",
      "provider": "provider[\"registry.terraform.io/hashicorp/template\"]",
      "instances": [
        {
          "schema_version": 0,
          "attributes": {
            "filename": null,
            "id": "38749fa7589466ea097b892943120126e64ecea29490398b7bcea3728431a2bb",
            "rendered": "{\n    \"password\": \"Hello World\",\n    \"teste\"   : \"teste\",\n    \"teste_2\" : \"1234\",\n    \"url\"     : \"https://app_2-ci.com.br\"\n}",
            "template": "{\n    \"password\": \"Hello World\",\n    \"teste\"   : \"teste\",\n    \"teste_2\" : \"1234\",\n    \"url\"     : \"https://app_2-ci.com.br\"\n}",
            "vars": null
          },
          "sensitive_attributes": []
        }
      ]
    },
    {
      "module": "module.java.module.secrets_java_ci",
      "mode": "managed",
      "type": "vault_kv_secret_v2",
      "name": "java_1",
      "provider": "provider[\"registry.terraform.io/hashicorp/vault\"]",
      "instances": [
        {
          "schema_version": 0,
          "attributes": {
            "cas": 0,
            "custom_metadata": [
              {
                "cas_required": false,
                "data": {},
                "delete_version_after": 0,
                "max_versions": 0
              }
            ],
            "data": {
              "password": "Hello World",
              "teste": "teste",
              "teste_2": "1234",
              "url": "https://app_1-ci.com.br"
            },
            "data_json": "{\"password\":\"Hello World\",\"teste\":\"teste\",\"teste_2\":\"1234\",\"url\":\"https://app_1-ci.com.br\"}",
            "delete_all_versions": true,
            "disable_read": false,
            "id": "java_1/data/ci",
            "metadata": {
              "created_time": "2023-09-29T12:47:14.201358572Z",
              "custom_metadata": "null",
              "deletion_time": "",
              "destroyed": "false",
              "version": "3"
            },
            "mount": "java_1",
            "name": "ci",
            "namespace": null,
            "options": null,
            "path": "java_1/data/ci"
          },
          "sensitive_attributes": [],
          "private": "bnVsbA==",
          "dependencies": [
            "module.java.module.secrets_java_ci.data.template_file.template_java_1"
          ]
        }
      ]
    },
    {
      "module": "module.java.module.secrets_java_ci",
      "mode": "managed",
      "type": "vault_kv_secret_v2",
      "name": "java_2",
      "provider": "provider[\"registry.terraform.io/hashicorp/vault\"]",
      "instances": [
        {
          "schema_version": 0,
          "attributes": {
            "cas": 0,
            "custom_metadata": [
              {
                "cas_required": false,
                "data": {},
                "delete_version_after": 0,
                "max_versions": 0
              }
            ],
            "data": {
              "password": "Hello World",
              "teste": "teste",
              "teste_2": "1234",
              "url": "https://app_2-ci.com.br"
            },
            "data_json": "{\"password\":\"Hello World\",\"teste\":\"teste\",\"teste_2\":\"1234\",\"url\":\"https://app_2-ci.com.br\"}",
            "delete_all_versions": true,
            "disable_read": false,
            "id": "java_2/data/ci",
            "metadata": {
              "created_time": "2023-09-29T12:47:14.208577346Z",
              "custom_metadata": "null",
              "deletion_time": "",
              "destroyed": "false",
              "version": "3"
            },
            "mount": "java_2",
            "name": "ci",
            "namespace": null,
            "options": null,
            "path": "java_2/data/ci"
          },
          "sensitive_attributes": [],
          "private": "bnVsbA==",
          "dependencies": [
            "module.java.module.secrets_java_ci.data.template_file.template_java_2"
          ]
        }
      ]
    },
    {
      "module": "module.java.module.secrets_java_hml",
      "mode": "data",
      "type": "template_file",
      "name": "template_java_1",
      "provider": "provider[\"registry.terraform.io/hashicorp/template\"]",
      "instances": [
        {
          "schema_version": 0,
          "attributes": {
            "filename": null,
            "id": "1aec1f7a6a7524508024873c0372b51c2923b700a01cbacbe29f70ebd59f2e70",
            "rendered": "{\n    \"password\": \"Hello World\",\n    \"teste\"   : \"teste\",\n    \"teste_2\" : \"1234\",\n    \"url\"     : \"https://app_1-hml.com.br\"\n}",
            "template": "{\n    \"password\": \"Hello World\",\n    \"teste\"   : \"teste\",\n    \"teste_2\" : \"1234\",\n    \"url\"     : \"https://app_1-hml.com.br\"\n}",
            "vars": null
          },
          "sensitive_attributes": []
        }
      ]
    },
    {
      "module": "module.java.module.secrets_java_hml",
      "mode": "data",
      "type": "template_file",
      "name": "template_java_2",
      "provider": "provider[\"registry.terraform.io/hashicorp/template\"]",
      "instances": [
        {
          "schema_version": 0,
          "attributes": {
            "filename": null,
            "id": "d46a42a2ff9aa184697c4f11ebdbf5fb5206f7c618dcec043c22b9874abfbdfa",
            "rendered": "{\n    \"password\": \"Hello World\",\n    \"teste\"   : \"teste\",\n    \"teste_2\" : \"1234\",\n    \"url\"     : \"https://app_2-hml.com.br\"\n}",
            "template": "{\n    \"password\": \"Hello World\",\n    \"teste\"   : \"teste\",\n    \"teste_2\" : \"1234\",\n    \"url\"     : \"https://app_2-hml.com.br\"\n}",
            "vars": null
          },
          "sensitive_attributes": []
        }
      ]
    },
    {
      "module": "module.java.module.secrets_java_hml",
      "mode": "managed",
      "type": "vault_kv_secret_v2",
      "name": "java_1",
      "provider": "provider[\"registry.terraform.io/hashicorp/vault\"]",
      "instances": [
        {
          "schema_version": 0,
          "attributes": {
            "cas": 0,
            "custom_metadata": [
              {
                "cas_required": false,
                "data": {},
                "delete_version_after": 0,
                "max_versions": 0
              }
            ],
            "data": {
              "password": "Hello World",
              "teste": "teste",
              "teste_2": "1234",
              "url": "https://app_1-hml.com.br"
            },
            "data_json": "{\"password\":\"Hello World\",\"teste\":\"teste\",\"teste_2\":\"1234\",\"url\":\"https://app_1-hml.com.br\"}",
            "delete_all_versions": true,
            "disable_read": false,
            "id": "java_1/data/hml",
            "metadata": {
              "created_time": "2023-09-29T12:47:14.202697641Z",
              "custom_metadata": "null",
              "deletion_time": "",
              "destroyed": "false",
              "version": "3"
            },
            "mount": "java_1",
            "name": "hml",
            "namespace": null,
            "options": null,
            "path": "java_1/data/hml"
          },
          "sensitive_attributes": [],
          "private": "bnVsbA==",
          "dependencies": [
            "module.java.module.secrets_java_hml.data.template_file.template_java_1"
          ]
        }
      ]
    },
    {
      "module": "module.java.module.secrets_java_hml",
      "mode": "managed",
      "type": "vault_kv_secret_v2",
      "name": "java_2",
      "provider": "provider[\"registry.terraform.io/hashicorp/vault\"]",
      "instances": [
        {
          "schema_version": 0,
          "attributes": {
            "cas": 0,
            "custom_metadata": [
              {
                "cas_required": false,
                "data": {},
                "delete_version_after": 0,
                "max_versions": 0
              }
            ],
            "data": {
              "password": "Hello World",
              "teste": "teste",
              "teste_2": "1234",
              "url": "https://app_2-hml.com.br"
            },
            "data_json": "{\"password\":\"Hello World\",\"teste\":\"teste\",\"teste_2\":\"1234\",\"url\":\"https://app_2-hml.com.br\"}",
            "delete_all_versions": true,
            "disable_read": false,
            "id": "java_2/data/hml",
            "metadata": {
              "created_time": "2023-09-29T12:47:14.204558348Z",
              "custom_metadata": "null",
              "deletion_time": "",
              "destroyed": "false",
              "version": "3"
            },
            "mount": "java_2",
            "name": "hml",
            "namespace": null,
            "options": null,
            "path": "java_2/data/hml"
          },
          "sensitive_attributes": [],
          "private": "bnVsbA==",
          "dependencies": [
            "module.java.module.secrets_java_hml.data.template_file.template_java_2"
          ]
        }
      ]
    },
    {
      "module": "module.java.module.secrets_java_sus",
      "mode": "data",
      "type": "template_file",
      "name": "template_java_1",
      "provider": "provider[\"registry.terraform.io/hashicorp/template\"]",
      "instances": [
        {
          "schema_version": 0,
          "attributes": {
            "filename": null,
            "id": "bd42b292b2a79fa6a80e6e02ef1556f3cf558e3a7effd616ddf6d910ff157879",
            "rendered": "{\n    \"password\": \"Hello World\",\n    \"teste\"   : \"teste\",\n    \"teste_2\" : \"1234\",\n    \"url\"     : \"https://java_1-sus.com.br\"\n}",
            "template": "{\n    \"password\": \"Hello World\",\n    \"teste\"   : \"teste\",\n    \"teste_2\" : \"1234\",\n    \"url\"     : \"https://java_1-sus.com.br\"\n}",
            "vars": null
          },
          "sensitive_attributes": []
        }
      ]
    },
    {
      "module": "module.java.module.secrets_java_sus",
      "mode": "data",
      "type": "template_file",
      "name": "template_java_2",
      "provider": "provider[\"registry.terraform.io/hashicorp/template\"]",
      "instances": [
        {
          "schema_version": 0,
          "attributes": {
            "filename": null,
            "id": "b51730144edcfb97d4141c114efe70f1c38b07af9bd5241c8ff513c87a98341f",
            "rendered": "{\n    \"password\": \"Hello World\",\n    \"teste\"   : \"teste\",\n    \"teste_2\" : \"1234\",\n    \"url\"     : \"https://java_2-sus.com.br\"\n}",
            "template": "{\n    \"password\": \"Hello World\",\n    \"teste\"   : \"teste\",\n    \"teste_2\" : \"1234\",\n    \"url\"     : \"https://java_2-sus.com.br\"\n}",
            "vars": null
          },
          "sensitive_attributes": []
        }
      ]
    },
    {
      "module": "module.java.module.secrets_java_sus",
      "mode": "managed",
      "type": "vault_kv_secret_v2",
      "name": "java_1",
      "provider": "provider[\"registry.terraform.io/hashicorp/vault\"]",
      "instances": [
        {
          "schema_version": 0,
          "attributes": {
            "cas": 0,
            "custom_metadata": [
              {
                "cas_required": false,
                "data": {},
                "delete_version_after": 0,
                "max_versions": 0
              }
            ],
            "data": {
              "password": "Hello World",
              "teste": "teste",
              "teste_2": "1234",
              "url": "https://java_1-sus.com.br"
            },
            "data_json": "{\"password\":\"Hello World\",\"teste\":\"teste\",\"teste_2\":\"1234\",\"url\":\"https://java_1-sus.com.br\"}",
            "delete_all_versions": true,
            "disable_read": false,
            "id": "java_1/data/sus",
            "metadata": {
              "created_time": "2023-09-29T12:47:14.214886383Z",
              "custom_metadata": "null",
              "deletion_time": "",
              "destroyed": "false",
              "version": "3"
            },
            "mount": "java_1",
            "name": "sus",
            "namespace": null,
            "options": null,
            "path": "java_1/data/sus"
          },
          "sensitive_attributes": [],
          "private": "bnVsbA==",
          "dependencies": [
            "module.java.module.secrets_java_sus.data.template_file.template_java_1"
          ]
        }
      ]
    },
    {
      "module": "module.java.module.secrets_java_sus",
      "mode": "managed",
      "type": "vault_kv_secret_v2",
      "name": "java_2",
      "provider": "provider[\"registry.terraform.io/hashicorp/vault\"]",
      "instances": [
        {
          "schema_version": 0,
          "attributes": {
            "cas": 0,
            "custom_metadata": [
              {
                "cas_required": false,
                "data": {},
                "delete_version_after": 0,
                "max_versions": 0
              }
            ],
            "data": {
              "password": "Hello World",
              "teste": "teste",
              "teste_2": "1234",
              "url": "https://java_2-sus.com.br"
            },
            "data_json": "{\"password\":\"Hello World\",\"teste\":\"teste\",\"teste_2\":\"1234\",\"url\":\"https://java_2-sus.com.br\"}",
            "delete_all_versions": true,
            "disable_read": false,
            "id": "java_2/data/sus",
            "metadata": {
              "created_time": "2023-09-29T12:47:14.20579948Z",
              "custom_metadata": "null",
              "deletion_time": "",
              "destroyed": "false",
              "version": "3"
            },
            "mount": "java_2",
            "name": "sus",
            "namespace": null,
            "options": null,
            "path": "java_2/data/sus"
          },
          "sensitive_attributes": [],
          "private": "bnVsbA==",
          "dependencies": [
            "module.java.module.secrets_java_sus.data.template_file.template_java_2"
          ]
        }
      ]
    },
    {
      "module": "module.java.module.secrets_java_tst",
      "mode": "data",
      "type": "template_file",
      "name": "template_java_1",
      "provider": "provider[\"registry.terraform.io/hashicorp/template\"]",
      "instances": [
        {
          "schema_version": 0,
          "attributes": {
            "filename": null,
            "id": "5391448edbff24e0a889ee48ace78bba6e786b5392e503a16c5017c124201e68",
            "rendered": "{\n    \"password\": \"Hello World\",\n    \"teste\"   : \"teste\",\n    \"teste_2\" : \"1234\",\n    \"url\"     : \"https://java_1-tst.com.br\"\n}",
            "template": "{\n    \"password\": \"Hello World\",\n    \"teste\"   : \"teste\",\n    \"teste_2\" : \"1234\",\n    \"url\"     : \"https://java_1-tst.com.br\"\n}",
            "vars": null
          },
          "sensitive_attributes": []
        }
      ]
    },
    {
      "module": "module.java.module.secrets_java_tst",
      "mode": "data",
      "type": "template_file",
      "name": "template_java_2",
      "provider": "provider[\"registry.terraform.io/hashicorp/template\"]",
      "instances": [
        {
          "schema_version": 0,
          "attributes": {
            "filename": null,
            "id": "e72a9485c3ec51a103033e1a20716980a6b55cd82ebbed12200ec70918938f25",
            "rendered": "{\n    \"password\": \"Hello World\",\n    \"teste\"   : \"teste\",\n    \"teste_2\" : \"1234\",\n    \"url\"     : \"https://java_2-tst.com.br\"\n}",
            "template": "{\n    \"password\": \"Hello World\",\n    \"teste\"   : \"teste\",\n    \"teste_2\" : \"1234\",\n    \"url\"     : \"https://java_2-tst.com.br\"\n}",
            "vars": null
          },
          "sensitive_attributes": []
        }
      ]
    },
    {
      "module": "module.java.module.secrets_java_tst",
      "mode": "managed",
      "type": "vault_kv_secret_v2",
      "name": "java_1",
      "provider": "provider[\"registry.terraform.io/hashicorp/vault\"]",
      "instances": [
        {
          "schema_version": 0,
          "attributes": {
            "cas": 0,
            "custom_metadata": [
              {
                "cas_required": false,
                "data": {},
                "delete_version_after": 0,
                "max_versions": 0
              }
            ],
            "data": {
              "password": "Hello World",
              "teste": "teste",
              "teste_2": "1234",
              "url": "https://java_1-tst.com.br"
            },
            "data_json": "{\"password\":\"Hello World\",\"teste\":\"teste\",\"teste_2\":\"1234\",\"url\":\"https://java_1-tst.com.br\"}",
            "delete_all_versions": true,
            "disable_read": false,
            "id": "java_1/data/tst",
            "metadata": {
              "created_time": "2023-09-29T12:47:14.200032979Z",
              "custom_metadata": "null",
              "deletion_time": "",
              "destroyed": "false",
              "version": "3"
            },
            "mount": "java_1",
            "name": "tst",
            "namespace": null,
            "options": null,
            "path": "java_1/data/tst"
          },
          "sensitive_attributes": [],
          "private": "bnVsbA==",
          "dependencies": [
            "module.java.module.secrets_java_tst.data.template_file.template_java_1"
          ]
        }
      ]
    },
    {
      "module": "module.java.module.secrets_java_tst",
      "mode": "managed",
      "type": "vault_kv_secret_v2",
      "name": "java_2",
      "provider": "provider[\"registry.terraform.io/hashicorp/vault\"]",
      "instances": [
        {
          "schema_version": 0,
          "attributes": {
            "cas": 0,
            "custom_metadata": [
              {
                "cas_required": false,
                "data": {},
                "delete_version_after": 0,
                "max_versions": 0
              }
            ],
            "data": {
              "password": "Hello World",
              "teste": "teste",
              "teste_2": "1234",
              "url": "https://java_2-tst.com.br"
            },
            "data_json": "{\"password\":\"Hello World\",\"teste\":\"teste\",\"teste_2\":\"1234\",\"url\":\"https://java_2-tst.com.br\"}",
            "delete_all_versions": true,
            "disable_read": false,
            "id": "java_2/data/tst",
            "metadata": {
              "created_time": "2023-09-29T12:47:14.198593999Z",
              "custom_metadata": "null",
              "deletion_time": "",
              "destroyed": "false",
              "version": "3"
            },
            "mount": "java_2",
            "name": "tst",
            "namespace": null,
            "options": null,
            "path": "java_2/data/tst"
          },
          "sensitive_attributes": [],
          "private": "bnVsbA==",
          "dependencies": [
            "module.java.module.secrets_java_tst.data.template_file.template_java_2"
          ]
        }
      ]
    },
    {
      "module": "module.ruby.module.secrets_ruby_ci",
      "mode": "data",
      "type": "template_file",
      "name": "template_ruby_1",
      "provider": "provider[\"registry.terraform.io/hashicorp/template\"]",
      "instances": [
        {
          "schema_version": 0,
          "attributes": {
            "filename": null,
            "id": "3a049dd61cb304299c6a1a1b0a572a02b549c4bf3352602b8b896fad0c7cdbba",
            "rendered": "{\n    \"password\": \"Hello World\",\n    \"teste\"   : \"teste\",\n    \"teste_2\" : \"1234\",\n    \"url\"     : \"https://app_1-ci.com.br\"\n}",
            "template": "{\n    \"password\": \"Hello World\",\n    \"teste\"   : \"teste\",\n    \"teste_2\" : \"1234\",\n    \"url\"     : \"https://app_1-ci.com.br\"\n}",
            "vars": null
          },
          "sensitive_attributes": []
        }
      ]
    },
    {
      "module": "module.ruby.module.secrets_ruby_ci",
      "mode": "data",
      "type": "template_file",
      "name": "template_ruby_2",
      "provider": "provider[\"registry.terraform.io/hashicorp/template\"]",
      "instances": [
        {
          "schema_version": 0,
          "attributes": {
            "filename": null,
            "id": "38749fa7589466ea097b892943120126e64ecea29490398b7bcea3728431a2bb",
            "rendered": "{\n    \"password\": \"Hello World\",\n    \"teste\"   : \"teste\",\n    \"teste_2\" : \"1234\",\n    \"url\"     : \"https://app_2-ci.com.br\"\n}",
            "template": "{\n    \"password\": \"Hello World\",\n    \"teste\"   : \"teste\",\n    \"teste_2\" : \"1234\",\n    \"url\"     : \"https://app_2-ci.com.br\"\n}",
            "vars": null
          },
          "sensitive_attributes": []
        }
      ]
    },
    {
      "module": "module.ruby.module.secrets_ruby_ci",
      "mode": "managed",
      "type": "vault_kv_secret_v2",
      "name": "ruby_1",
      "provider": "provider[\"registry.terraform.io/hashicorp/vault\"]",
      "instances": [
        {
          "schema_version": 0,
          "attributes": {
            "cas": 0,
            "custom_metadata": [
              {
                "cas_required": false,
                "data": {},
                "delete_version_after": 0,
                "max_versions": 0
              }
            ],
            "data": {
              "password": "Hello World",
              "teste": "teste",
              "teste_2": "1234",
              "url": "https://app_1-ci.com.br"
            },
            "data_json": "{\"password\":\"Hello World\",\"teste\":\"teste\",\"teste_2\":\"1234\",\"url\":\"https://app_1-ci.com.br\"}",
            "delete_all_versions": true,
            "disable_read": false,
            "id": "ruby_1/data/ci",
            "metadata": {
              "created_time": "2023-09-29T12:59:17.36004909Z",
              "custom_metadata": "null",
              "deletion_time": "",
              "destroyed": "false",
              "version": "2"
            },
            "mount": "ruby_1",
            "name": "ci",
            "namespace": null,
            "options": null,
            "path": "ruby_1/data/ci"
          },
          "sensitive_attributes": [],
          "private": "bnVsbA==",
          "dependencies": [
            "module.ruby.module.secrets_ruby_ci.data.template_file.template_ruby_1"
          ]
        }
      ]
    },
    {
      "module": "module.ruby.module.secrets_ruby_ci",
      "mode": "managed",
      "type": "vault_kv_secret_v2",
      "name": "ruby_2",
      "provider": "provider[\"registry.terraform.io/hashicorp/vault\"]",
      "instances": [
        {
          "schema_version": 0,
          "attributes": {
            "cas": 0,
            "custom_metadata": [
              {
                "cas_required": false,
                "data": {},
                "delete_version_after": 0,
                "max_versions": 0
              }
            ],
            "data": {
              "password": "Hello World",
              "teste": "teste",
              "teste_2": "1234",
              "url": "https://app_2-ci.com.br"
            },
            "data_json": "{\"password\":\"Hello World\",\"teste\":\"teste\",\"teste_2\":\"1234\",\"url\":\"https://app_2-ci.com.br\"}",
            "delete_all_versions": true,
            "disable_read": false,
            "id": "ruby_2/data/ci",
            "metadata": {
              "created_time": "2023-09-29T12:59:17.489069952Z",
              "custom_metadata": "null",
              "deletion_time": "",
              "destroyed": "false",
              "version": "2"
            },
            "mount": "ruby_2",
            "name": "ci",
            "namespace": null,
            "options": null,
            "path": "ruby_2/data/ci"
          },
          "sensitive_attributes": [],
          "private": "bnVsbA==",
          "dependencies": [
            "module.ruby.module.secrets_ruby_ci.data.template_file.template_ruby_2"
          ]
        }
      ]
    },
    {
      "module": "module.ruby.module.secrets_ruby_hml",
      "mode": "data",
      "type": "template_file",
      "name": "template_ruby_1",
      "provider": "provider[\"registry.terraform.io/hashicorp/template\"]",
      "instances": [
        {
          "schema_version": 0,
          "attributes": {
            "filename": null,
            "id": "1aec1f7a6a7524508024873c0372b51c2923b700a01cbacbe29f70ebd59f2e70",
            "rendered": "{\n    \"password\": \"Hello World\",\n    \"teste\"   : \"teste\",\n    \"teste_2\" : \"1234\",\n    \"url\"     : \"https://app_1-hml.com.br\"\n}",
            "template": "{\n    \"password\": \"Hello World\",\n    \"teste\"   : \"teste\",\n    \"teste_2\" : \"1234\",\n    \"url\"     : \"https://app_1-hml.com.br\"\n}",
            "vars": null
          },
          "sensitive_attributes": []
        }
      ]
    },
    {
      "module": "module.ruby.module.secrets_ruby_hml",
      "mode": "data",
      "type": "template_file",
      "name": "template_ruby_2",
      "provider": "provider[\"registry.terraform.io/hashicorp/template\"]",
      "instances": [
        {
          "schema_version": 0,
          "attributes": {
            "filename": null,
            "id": "d46a42a2ff9aa184697c4f11ebdbf5fb5206f7c618dcec043c22b9874abfbdfa",
            "rendered": "{\n    \"password\": \"Hello World\",\n    \"teste\"   : \"teste\",\n    \"teste_2\" : \"1234\",\n    \"url\"     : \"https://app_2-hml.com.br\"\n}",
            "template": "{\n    \"password\": \"Hello World\",\n    \"teste\"   : \"teste\",\n    \"teste_2\" : \"1234\",\n    \"url\"     : \"https://app_2-hml.com.br\"\n}",
            "vars": null
          },
          "sensitive_attributes": []
        }
      ]
    },
    {
      "module": "module.ruby.module.secrets_ruby_hml",
      "mode": "managed",
      "type": "vault_kv_secret_v2",
      "name": "ruby_1",
      "provider": "provider[\"registry.terraform.io/hashicorp/vault\"]",
      "instances": [
        {
          "schema_version": 0,
          "attributes": {
            "cas": 0,
            "custom_metadata": [
              {
                "cas_required": false,
                "data": {},
                "delete_version_after": 0,
                "max_versions": 0
              }
            ],
            "data": {
              "password": "Hello World",
              "teste": "teste",
              "teste_2": "1234",
              "url": "https://app_1-hml.com.br"
            },
            "data_json": "{\"password\":\"Hello World\",\"teste\":\"teste\",\"teste_2\":\"1234\",\"url\":\"https://app_1-hml.com.br\"}",
            "delete_all_versions": true,
            "disable_read": false,
            "id": "ruby_1/data/hml",
            "metadata": {
              "created_time": "2023-09-29T12:59:17.579020108Z",
              "custom_metadata": "null",
              "deletion_time": "",
              "destroyed": "false",
              "version": "2"
            },
            "mount": "ruby_1",
            "name": "hml",
            "namespace": null,
            "options": null,
            "path": "ruby_1/data/hml"
          },
          "sensitive_attributes": [],
          "private": "bnVsbA==",
          "dependencies": [
            "module.ruby.module.secrets_ruby_hml.data.template_file.template_ruby_1"
          ]
        }
      ]
    },
    {
      "module": "module.ruby.module.secrets_ruby_hml",
      "mode": "managed",
      "type": "vault_kv_secret_v2",
      "name": "ruby_2",
      "provider": "provider[\"registry.terraform.io/hashicorp/vault\"]",
      "instances": [
        {
          "schema_version": 0,
          "attributes": {
            "cas": 0,
            "custom_metadata": [
              {
                "cas_required": false,
                "data": {},
                "delete_version_after": 0,
                "max_versions": 0
              }
            ],
            "data": {
              "password": "Hello World",
              "teste": "teste",
              "teste_2": "1234",
              "url": "https://app_2-hml.com.br"
            },
            "data_json": "{\"password\":\"Hello World\",\"teste\":\"teste\",\"teste_2\":\"1234\",\"url\":\"https://app_2-hml.com.br\"}",
            "delete_all_versions": true,
            "disable_read": false,
            "id": "ruby_2/data/hml",
            "metadata": {
              "created_time": "2023-09-29T12:59:17.355711869Z",
              "custom_metadata": "null",
              "deletion_time": "",
              "destroyed": "false",
              "version": "2"
            },
            "mount": "ruby_2",
            "name": "hml",
            "namespace": null,
            "options": null,
            "path": "ruby_2/data/hml"
          },
          "sensitive_attributes": [],
          "private": "bnVsbA==",
          "dependencies": [
            "module.ruby.module.secrets_ruby_hml.data.template_file.template_ruby_2"
          ]
        }
      ]
    },
    {
      "module": "module.ruby.module.secrets_ruby_sus",
      "mode": "data",
      "type": "template_file",
      "name": "template_ruby_1",
      "provider": "provider[\"registry.terraform.io/hashicorp/template\"]",
      "instances": [
        {
          "schema_version": 0,
          "attributes": {
            "filename": null,
            "id": "e6b50f67c08564f354ac59ad63c53960442be3f095983913a0b9fa3374b10a60",
            "rendered": "{\n    \"password\": \"Hello World\",\n    \"teste\"   : \"teste\",\n    \"teste_2\" : \"1234\",\n    \"url\"     : \"https://ruby_1-sus.com.br\"\n}",
            "template": "{\n    \"password\": \"Hello World\",\n    \"teste\"   : \"teste\",\n    \"teste_2\" : \"1234\",\n    \"url\"     : \"https://ruby_1-sus.com.br\"\n}",
            "vars": null
          },
          "sensitive_attributes": []
        }
      ]
    },
    {
      "module": "module.ruby.module.secrets_ruby_sus",
      "mode": "data",
      "type": "template_file",
      "name": "template_ruby_2",
      "provider": "provider[\"registry.terraform.io/hashicorp/template\"]",
      "instances": [
        {
          "schema_version": 0,
          "attributes": {
            "filename": null,
            "id": "e14d3ddfec34475a9459fe7855985dd932ca41ac33607e75df8a86c1f6714458",
            "rendered": "{\n    \"password\": \"Hello World\",\n    \"teste\"   : \"teste\",\n    \"teste_2\" : \"1234\",\n    \"url\"     : \"https://ruby_2-sus.com.br\"\n}",
            "template": "{\n    \"password\": \"Hello World\",\n    \"teste\"   : \"teste\",\n    \"teste_2\" : \"1234\",\n    \"url\"     : \"https://ruby_2-sus.com.br\"\n}",
            "vars": null
          },
          "sensitive_attributes": []
        }
      ]
    },
    {
      "module": "module.ruby.module.secrets_ruby_sus",
      "mode": "managed",
      "type": "vault_kv_secret_v2",
      "name": "ruby_1",
      "provider": "provider[\"registry.terraform.io/hashicorp/vault\"]",
      "instances": [
        {
          "schema_version": 0,
          "attributes": {
            "cas": 0,
            "custom_metadata": [
              {
                "cas_required": false,
                "data": {},
                "delete_version_after": 0,
                "max_versions": 0
              }
            ],
            "data": {
              "password": "Hello World",
              "teste": "teste",
              "teste_2": "1234",
              "url": "https://ruby_1-sus.com.br"
            },
            "data_json": "{\"password\":\"Hello World\",\"teste\":\"teste\",\"teste_2\":\"1234\",\"url\":\"https://ruby_1-sus.com.br\"}",
            "delete_all_versions": true,
            "disable_read": false,
            "id": "ruby_1/data/sus",
            "metadata": {
              "created_time": "2023-09-29T12:59:17.347882524Z",
              "custom_metadata": "null",
              "deletion_time": "",
              "destroyed": "false",
              "version": "2"
            },
            "mount": "ruby_1",
            "name": "sus",
            "namespace": null,
            "options": null,
            "path": "ruby_1/data/sus"
          },
          "sensitive_attributes": [],
          "private": "bnVsbA==",
          "dependencies": [
            "module.ruby.module.secrets_ruby_sus.data.template_file.template_ruby_1"
          ]
        }
      ]
    },
    {
      "module": "module.ruby.module.secrets_ruby_sus",
      "mode": "managed",
      "type": "vault_kv_secret_v2",
      "name": "ruby_2",
      "provider": "provider[\"registry.terraform.io/hashicorp/vault\"]",
      "instances": [
        {
          "schema_version": 0,
          "attributes": {
            "cas": 0,
            "custom_metadata": [
              {
                "cas_required": false,
                "data": {},
                "delete_version_after": 0,
                "max_versions": 0
              }
            ],
            "data": {
              "password": "Hello World",
              "teste": "teste",
              "teste_2": "1234",
              "url": "https://ruby_2-sus.com.br"
            },
            "data_json": "{\"password\":\"Hello World\",\"teste\":\"teste\",\"teste_2\":\"1234\",\"url\":\"https://ruby_2-sus.com.br\"}",
            "delete_all_versions": true,
            "disable_read": false,
            "id": "ruby_2/data/sus",
            "metadata": {
              "created_time": "2023-09-29T12:59:17.363526634Z",
              "custom_metadata": "null",
              "deletion_time": "",
              "destroyed": "false",
              "version": "2"
            },
            "mount": "ruby_2",
            "name": "sus",
            "namespace": null,
            "options": null,
            "path": "ruby_2/data/sus"
          },
          "sensitive_attributes": [],
          "private": "bnVsbA==",
          "dependencies": [
            "module.ruby.module.secrets_ruby_sus.data.template_file.template_ruby_2"
          ]
        }
      ]
    },
    {
      "module": "module.ruby.module.secrets_ruby_tst",
      "mode": "data",
      "type": "template_file",
      "name": "template_ruby_1",
      "provider": "provider[\"registry.terraform.io/hashicorp/template\"]",
      "instances": [
        {
          "schema_version": 0,
          "attributes": {
            "filename": null,
            "id": "a350a02c144f897bd43dd2f96c974f716f9db290857b8b9813736dbfb9e0ea1c",
            "rendered": "{\n    \"password\": \"Hello World\",\n    \"teste\"   : \"teste\",\n    \"teste_2\" : \"1234\",\n    \"url\"     : \"https://ruby_1-tst.com.br\"\n}",
            "template": "{\n    \"password\": \"Hello World\",\n    \"teste\"   : \"teste\",\n    \"teste_2\" : \"1234\",\n    \"url\"     : \"https://ruby_1-tst.com.br\"\n}",
            "vars": null
          },
          "sensitive_attributes": []
        }
      ]
    },
    {
      "module": "module.ruby.module.secrets_ruby_tst",
      "mode": "data",
      "type": "template_file",
      "name": "template_ruby_2",
      "provider": "provider[\"registry.terraform.io/hashicorp/template\"]",
      "instances": [
        {
          "schema_version": 0,
          "attributes": {
            "filename": null,
            "id": "5f5ea8662aead6b13a931b65c07ed23bcb88f657dff2b414082cbc3f98f6ba94",
            "rendered": "{\n    \"password\": \"Hello World\",\n    \"teste\"   : \"teste\",\n    \"teste_2\" : \"1234\",\n    \"url\"     : \"https://ruby_2-tst.com.br\"\n}",
            "template": "{\n    \"password\": \"Hello World\",\n    \"teste\"   : \"teste\",\n    \"teste_2\" : \"1234\",\n    \"url\"     : \"https://ruby_2-tst.com.br\"\n}",
            "vars": null
          },
          "sensitive_attributes": []
        }
      ]
    },
    {
      "module": "module.ruby.module.secrets_ruby_tst",
      "mode": "managed",
      "type": "vault_kv_secret_v2",
      "name": "ruby_1",
      "provider": "provider[\"registry.terraform.io/hashicorp/vault\"]",
      "instances": [
        {
          "schema_version": 0,
          "attributes": {
            "cas": 0,
            "custom_metadata": [
              {
                "cas_required": false,
                "data": {},
                "delete_version_after": 0,
                "max_versions": 0
              }
            ],
            "data": {
              "password": "Hello World",
              "teste": "teste",
              "teste_2": "1234",
              "url": "https://ruby_1-tst.com.br"
            },
            "data_json": "{\"password\":\"Hello World\",\"teste\":\"teste\",\"teste_2\":\"1234\",\"url\":\"https://ruby_1-tst.com.br\"}",
            "delete_all_versions": true,
            "disable_read": false,
            "id": "ruby_1/data/tst",
            "metadata": {
              "created_time": "2023-09-29T12:59:17.627371917Z",
              "custom_metadata": "null",
              "deletion_time": "",
              "destroyed": "false",
              "version": "2"
            },
            "mount": "ruby_1",
            "name": "tst",
            "namespace": null,
            "options": null,
            "path": "ruby_1/data/tst"
          },
          "sensitive_attributes": [],
          "private": "bnVsbA==",
          "dependencies": [
            "module.ruby.module.secrets_ruby_tst.data.template_file.template_ruby_1"
          ]
        }
      ]
    },
    {
      "module": "module.ruby.module.secrets_ruby_tst",
      "mode": "managed",
      "type": "vault_kv_secret_v2",
      "name": "ruby_2",
      "provider": "provider[\"registry.terraform.io/hashicorp/vault\"]",
      "instances": [
        {
          "schema_version": 0,
          "attributes": {
            "cas": 0,
            "custom_metadata": [
              {
                "cas_required": false,
                "data": {},
                "delete_version_after": 0,
                "max_versions": 0
              }
            ],
            "data": {
              "password": "Hello World",
              "teste": "teste",
              "teste_2": "1234",
              "url": "https://ruby_2-tst.com.br"
            },
            "data_json": "{\"password\":\"Hello World\",\"teste\":\"teste\",\"teste_2\":\"1234\",\"url\":\"https://ruby_2-tst.com.br\"}",
            "delete_all_versions": true,
            "disable_read": false,
            "id": "ruby_2/data/tst",
            "metadata": {
              "created_time": "2023-09-29T12:59:17.358975331Z",
              "custom_metadata": "null",
              "deletion_time": "",
              "destroyed": "false",
              "version": "2"
            },
            "mount": "ruby_2",
            "name": "tst",
            "namespace": null,
            "options": null,
            "path": "ruby_2/data/tst"
          },
          "sensitive_attributes": [],
          "private": "bnVsbA==",
          "dependencies": [
            "module.ruby.module.secrets_ruby_tst.data.template_file.template_ruby_2"
          ]
        }
      ]
    }
  ],
  "check_results": null
}
